
Microsoft Visual Studio Solution File, Format Version 10.00
# Visual Studio 2008
Project("{8BC9CEB8-8B4A-11D0-8D11-00A0C91BC942}") = "gettext", "gettext.vcproj", "{5A5F3A99-9F0F-4026-A26B-39782561340F}"
	ProjectSection(ProjectDependencies) = postProject
		{CCBFB374-97BC-4E52-8550-664523A6988A} = {CCBFB374-97BC-4E52-8550-664523A6988A}
	EndProjectSection
EndProject
Project("{8BC9CEB8-8B4A-11D0-8D11-00A0C91BC942}") = "iconv", "iconv.vcproj", "{CCBFB374-97BC-4E52-8550-664523A6988A}"
EndProject
Global
	GlobalSection(SolutionConfigurationPlatforms) = preSolution
		Debug|Win32 = Debug|Win32
		Release|Win32 = Release|Win32
	EndGlobalSection
	GlobalSection(ProjectConfigurationPlatforms) = postSolution
		{5A5F3A99-9F0F-4026-A26B-39782561340F}.Debug|Win32.ActiveCfg = Debug|Win32
		{5A5F3A99-9F0F-4026-A26B-39782561340F}.Debug|Win32.Build.0 = Debug|Win32
		{5A5F3A99-9F0F-4026-A26B-39782561340F}.Release|Win32.ActiveCfg = Release|Win32
		{5A5F3A99-9F0F-4026-A26B-39782561340F}.Release|Win32.Build.0 = Release|Win32
		{CCBFB374-97BC-4E52-8550-664523A6988A}.Debug|Win32.ActiveCfg = Debug|Win32
		{CCBFB374-97BC-4E52-8550-664523A6988A}.Debug|Win32.Build.0 = Debug|Win32
		{CCBFB374-97BC-4E52-8550-664523A6988A}.Release|Win32.ActiveCfg = Release|Win32
		{CCBFB374-97BC-4E52-8550-664523A6988A}.Release|Win32.Build.0 = Release|Win32
	EndGlobalSection
	GlobalSection(SolutionProperties) = preSolution
		HideSolutionNode = FALSE
	EndGlobalSection
EndGlobal
