<?xml version="1.0" encoding="utf-8"?>
<Project ToolsVersion="4.0" xmlns="http://schemas.microsoft.com/developer/msbuild/2003">
  <ItemGroup>
    <Filter Include="Source Files">
      <UniqueIdentifier>{4FC737F1-C7A5-4376-A066-2A32D752A2FF}</UniqueIdentifier>
      <Extensions>cpp;c;cc;cxx;def;odl;idl;hpj;bat;asm;asmx</Extensions>
    </Filter>
    <Filter Include="Header Files">
      <UniqueIdentifier>{93995380-89BD-4b04-88EB-625FBE52EBFB}</UniqueIdentifier>
      <Extensions>h;hpp;hxx;hm;inl;inc;xsd</Extensions>
    </Filter>
    <Filter Include="Resource Files">
      <UniqueIdentifier>{67DA6AB6-F800-4c08-8B7A-83BB121AAD01}</UniqueIdentifier>
      <Extensions>rc;ico;cur;bmp;dlg;rc2;rct;bin;rgs;gif;jpg;jpeg;jpe;resx;tiff;tif;png;wav</Extensions>
    </Filter>
  </ItemGroup>
  <ItemGroup>
    <ClCompile Include="..\gettext\gettext-runtime\intl\bindtextdom.c">
      <Filter>Source Files</Filter>
    </ClCompile>
    <ClCompile Include="..\gettext\gettext-runtime\intl\dcgettext.c">
      <Filter>Source Files</Filter>
    </ClCompile>
    <ClCompile Include="..\gettext\gettext-runtime\intl\dcigettext.c">
      <Filter>Source Files</Filter>
    </ClCompile>
    <ClCompile Include="..\gettext\gettext-runtime\intl\dcngettext.c">
      <Filter>Source Files</Filter>
    </ClCompile>
    <ClCompile Include="..\gettext\gettext-runtime\intl\dgettext.c">
      <Filter>Source Files</Filter>
    </ClCompile>
    <ClCompile Include="..\gettext\gettext-runtime\intl\dngettext.c">
      <Filter>Source Files</Filter>
    </ClCompile>
    <ClCompile Include="..\gettext\gettext-runtime\intl\explodename.c">
      <Filter>Source Files</Filter>
    </ClCompile>
    <ClCompile Include="..\gettext\gettext-runtime\intl\finddomain.c">
      <Filter>Source Files</Filter>
    </ClCompile>
    <ClCompile Include="..\gettext\gettext-runtime\intl\gettext.c">
      <Filter>Source Files</Filter>
    </ClCompile>
    <ClCompile Include="..\gettext\gettext-runtime\intl\hash-string.c">
      <Filter>Source Files</Filter>
    </ClCompile>
    <ClCompile Include="..\gettext\gettext-runtime\intl\intl-compat.c">
      <Filter>Source Files</Filter>
    </ClCompile>
    <ClCompile Include="..\gettext\gettext-runtime\intl\intl-exports.c">
      <Filter>Source Files</Filter>
    </ClCompile>
    <ClCompile Include="..\gettext\gettext-runtime\intl\l10nflist.c">
      <Filter>Source Files</Filter>
    </ClCompile>
    <ClCompile Include="..\gettext\gettext-runtime\intl\langprefs.c">
      <Filter>Source Files</Filter>
    </ClCompile>
    <ClCompile Include="..\gettext\gettext-runtime\intl\loadmsgcat.c">
      <Filter>Source Files</Filter>
    </ClCompile>
    <ClCompile Include="..\gettext\gettext-runtime\intl\localcharset.c">
      <Filter>Source Files</Filter>
    </ClCompile>
    <ClCompile Include="..\gettext\gettext-runtime\intl\localealias.c">
      <Filter>Source Files</Filter>
    </ClCompile>
    <ClCompile Include="..\gettext\gettext-runtime\intl\localename.c">
      <Filter>Source Files</Filter>
    </ClCompile>
    <ClCompile Include="..\gettext\gettext-runtime\intl\lock.c">
      <Filter>Source Files</Filter>
    </ClCompile>
    <ClCompile Include="..\gettext\gettext-runtime\intl\log.c">
      <Filter>Source Files</Filter>
    </ClCompile>
    <ClCompile Include="..\gettext\gettext-runtime\intl\ngettext.c">
      <Filter>Source Files</Filter>
    </ClCompile>
    <ClCompile Include="..\gettext\gettext-runtime\intl\os2compat.c">
      <Filter>Source Files</Filter>
    </ClCompile>
    <ClCompile Include="..\gettext\gettext-runtime\intl\osdep.c">
      <Filter>Source Files</Filter>
    </ClCompile>
    <ClCompile Include="..\gettext\gettext-runtime\intl\plural-exp.c">
      <Filter>Source Files</Filter>
    </ClCompile>
    <ClCompile Include="..\gettext\gettext-runtime\intl\plural.c">
      <Filter>Source Files</Filter>
    </ClCompile>
    <ClCompile Include="..\gettext\gettext-runtime\intl\printf-args.c">
      <Filter>Source Files</Filter>
    </ClCompile>
    <ClCompile Include="..\gettext\gettext-runtime\intl\printf-parse.c">
      <Filter>Source Files</Filter>
    </ClCompile>
    <ClCompile Include="..\gettext\gettext-runtime\intl\printf.c">
      <Filter>Source Files</Filter>
    </ClCompile>
    <ClCompile Include="..\gettext\gettext-runtime\intl\relocatable.c">
      <Filter>Source Files</Filter>
    </ClCompile>
    <ClCompile Include="..\gettext\gettext-runtime\intl\textdomain.c">
      <Filter>Source Files</Filter>
    </ClCompile>
    <ClCompile Include="..\gettext\gettext-runtime\intl\vasnprintf.c">
      <Filter>Source Files</Filter>
    </ClCompile>
    <ClCompile Include="..\gettext\gettext-runtime\intl\version.c">
      <Filter>Source Files</Filter>
    </ClCompile>
  </ItemGroup>
  <ItemGroup>
    <ClInclude Include="..\gettext\gettext-runtime\intl\eval-plural.h">
      <Filter>Header Files</Filter>
    </ClInclude>
    <ClInclude Include="..\gettext\gettext-runtime\intl\export.h">
      <Filter>Header Files</Filter>
    </ClInclude>
    <ClInclude Include="..\gettext\gettext-runtime\intl\gettextP.h">
      <Filter>Header Files</Filter>
    </ClInclude>
    <ClInclude Include="..\gettext\gettext-runtime\intl\gmo.h">
      <Filter>Header Files</Filter>
    </ClInclude>
    <ClInclude Include="..\gettext\gettext-runtime\intl\hash-string.h">
      <Filter>Header Files</Filter>
    </ClInclude>
    <ClInclude Include="..\gettext\gettext-runtime\intl\libgnuintl.h">
      <Filter>Header Files</Filter>
    </ClInclude>
    <ClInclude Include="..\gettext\gettext-runtime\intl\loadinfo.h">
      <Filter>Header Files</Filter>
    </ClInclude>
    <ClInclude Include="..\gettext\gettext-runtime\intl\localcharset.h">
      <Filter>Header Files</Filter>
    </ClInclude>
    <ClInclude Include="..\gettext\gettext-runtime\intl\lock.h">
      <Filter>Header Files</Filter>
    </ClInclude>
    <ClInclude Include="..\gettext\gettext-runtime\intl\os2compat.h">
      <Filter>Header Files</Filter>
    </ClInclude>
    <ClInclude Include="..\gettext\gettext-runtime\intl\plural-exp.h">
      <Filter>Header Files</Filter>
    </ClInclude>
    <ClInclude Include="..\gettext\gettext-runtime\intl\printf-args.h">
      <Filter>Header Files</Filter>
    </ClInclude>
    <ClInclude Include="..\gettext\gettext-runtime\intl\printf-parse.h">
      <Filter>Header Files</Filter>
    </ClInclude>
    <ClInclude Include="..\gettext\gettext-runtime\intl\relocatable.h">
      <Filter>Header Files</Filter>
    </ClInclude>
    <ClInclude Include="..\gettext\gettext-runtime\intl\vasnprintf.h">
      <Filter>Header Files</Filter>
    </ClInclude>
    <ClInclude Include="..\gettext\gettext-runtime\intl\vasnwprintf.h">
      <Filter>Header Files</Filter>
    </ClInclude>
    <ClInclude Include="..\gettext\gettext-runtime\intl\wprintf-parse.h">
      <Filter>Header Files</Filter>
    </ClInclude>
    <ClInclude Include="..\gettext\gettext-runtime\intl\xsize.h">
      <Filter>Header Files</Filter>
    </ClInclude>
  </ItemGroup>
  <ItemGroup>
    <None Include="..\gettext\gettext-runtime\intl\ChangeLog" />
    <None Include="..\gettext\gettext-runtime\intl\config.charset" />
    <None Include="..\gettext\gettext-runtime\intl\locale.alias" />
    <None Include="..\gettext\gettext-runtime\intl\Makefile.in" />
    <None Include="..\gettext\gettext-runtime\intl\Makefile.msvc" />
    <None Include="..\gettext\gettext-runtime\intl\Makefile.vms" />
    <None Include="..\gettext\gettext-runtime\intl\plural.y" />
    <None Include="..\gettext\gettext-runtime\intl\README.woe32" />
    <None Include="..\gettext\gettext-runtime\intl\ref-add.sin" />
    <None Include="..\gettext\gettext-runtime\intl\ref-del.sin" />
  </ItemGroup>
</Project>