<?xml version="1.0" encoding="utf-8"?>
<Project ToolsVersion="4.0" xmlns="http://schemas.microsoft.com/developer/msbuild/2003">
  <ItemGroup>
    <Filter Include="Source Files">
      <UniqueIdentifier>{4FC737F1-C7A5-4376-A066-2A32D752A2FF}</UniqueIdentifier>
      <Extensions>cpp;c;cc;cxx;def;odl;idl;hpj;bat;asm;asmx</Extensions>
    </Filter>
    <Filter Include="Header Files">
      <UniqueIdentifier>{93995380-89BD-4b04-88EB-625FBE52EBFB}</UniqueIdentifier>
      <Extensions>h;hpp;hxx;hm;inl;inc;xsd</Extensions>
    </Filter>
    <Filter Include="Resource Files">
      <UniqueIdentifier>{67DA6AB6-F800-4c08-8B7A-83BB121AAD01}</UniqueIdentifier>
      <Extensions>rc;ico;cur;bmp;dlg;rc2;rct;bin;rgs;gif;jpg;jpeg;jpe;resx;tiff;tif;png;wav</Extensions>
    </Filter>
  </ItemGroup>
  <ItemGroup>
    <None Include="..\libiconv\lib\encodings.def">
      <Filter>Source Files</Filter>
    </None>
    <None Include="..\libiconv\lib\encodings_aix.def">
      <Filter>Source Files</Filter>
    </None>
    <None Include="..\libiconv\lib\encodings_dos.def">
      <Filter>Source Files</Filter>
    </None>
    <None Include="..\libiconv\lib\encodings_extra.def">
      <Filter>Source Files</Filter>
    </None>
    <None Include="..\libiconv\lib\encodings_local.def">
      <Filter>Source Files</Filter>
    </None>
    <None Include="..\libiconv\lib\encodings_osf1.def">
      <Filter>Source Files</Filter>
    </None>
    <None Include="..\libiconv\lib\translit.def">
      <Filter>Source Files</Filter>
    </None>
    <None Include="..\libiconv\lib\aliases.gperf" />
    <None Include="..\libiconv\lib\config.h.in" />
    <None Include="..\libiconv\lib\config.h_vms" />
    <None Include="..\libiconv\lib\Makefile.in" />
    <None Include="..\libiconv\lib\Makefile.msvc" />
    <None Include="..\libiconv\lib\Makefile.os2" />
    <None Include="..\libiconv\lib\Makefile.vms" />
  </ItemGroup>
  <ItemGroup>
    <ClCompile Include="..\libiconv\lib\iconv.c">
      <Filter>Source Files</Filter>
    </ClCompile>
    <ClCompile Include="..\libiconv\lib\relocatable.c">
      <Filter>Source Files</Filter>
    </ClCompile>
  </ItemGroup>
  <ItemGroup>
    <ClInclude Include="..\libiconv\lib\aliases.h">
      <Filter>Header Files</Filter>
    </ClInclude>
    <ClInclude Include="..\libiconv\lib\aliases2.h">
      <Filter>Header Files</Filter>
    </ClInclude>
    <ClInclude Include="..\libiconv\lib\aliases_aix.h">
      <Filter>Header Files</Filter>
    </ClInclude>
    <ClInclude Include="..\libiconv\lib\aliases_dos.h">
      <Filter>Header Files</Filter>
    </ClInclude>
    <ClInclude Include="..\libiconv\lib\aliases_extra.h">
      <Filter>Header Files</Filter>
    </ClInclude>
    <ClInclude Include="..\libiconv\lib\aliases_osf1.h">
      <Filter>Header Files</Filter>
    </ClInclude>
    <ClInclude Include="..\libiconv\lib\armscii_8.h">
      <Filter>Header Files</Filter>
    </ClInclude>
    <ClInclude Include="..\libiconv\lib\ascii.h">
      <Filter>Header Files</Filter>
    </ClInclude>
    <ClInclude Include="..\libiconv\lib\atarist.h">
      <Filter>Header Files</Filter>
    </ClInclude>
    <ClInclude Include="..\libiconv\lib\big5.h">
      <Filter>Header Files</Filter>
    </ClInclude>
    <ClInclude Include="..\libiconv\lib\big5_2003.h">
      <Filter>Header Files</Filter>
    </ClInclude>
    <ClInclude Include="..\libiconv\lib\big5hkscs1999.h">
      <Filter>Header Files</Filter>
    </ClInclude>
    <ClInclude Include="..\libiconv\lib\big5hkscs2001.h">
      <Filter>Header Files</Filter>
    </ClInclude>
    <ClInclude Include="..\libiconv\lib\big5hkscs2004.h">
      <Filter>Header Files</Filter>
    </ClInclude>
    <ClInclude Include="..\libiconv\lib\c99.h">
      <Filter>Header Files</Filter>
    </ClInclude>
    <ClInclude Include="..\libiconv\lib\canonical.h">
      <Filter>Header Files</Filter>
    </ClInclude>
    <ClInclude Include="..\libiconv\lib\canonical_aix.h">
      <Filter>Header Files</Filter>
    </ClInclude>
    <ClInclude Include="..\libiconv\lib\canonical_dos.h">
      <Filter>Header Files</Filter>
    </ClInclude>
    <ClInclude Include="..\libiconv\lib\canonical_extra.h">
      <Filter>Header Files</Filter>
    </ClInclude>
    <ClInclude Include="..\libiconv\lib\canonical_local.h">
      <Filter>Header Files</Filter>
    </ClInclude>
    <ClInclude Include="..\libiconv\lib\canonical_osf1.h">
      <Filter>Header Files</Filter>
    </ClInclude>
    <ClInclude Include="..\libiconv\lib\ces_big5.h">
      <Filter>Header Files</Filter>
    </ClInclude>
    <ClInclude Include="..\libiconv\lib\ces_gbk.h">
      <Filter>Header Files</Filter>
    </ClInclude>
    <ClInclude Include="..\libiconv\lib\cjk_variants.h">
      <Filter>Header Files</Filter>
    </ClInclude>
    <ClInclude Include="..\libiconv\lib\cns11643.h">
      <Filter>Header Files</Filter>
    </ClInclude>
    <ClInclude Include="..\libiconv\lib\cns11643_1.h">
      <Filter>Header Files</Filter>
    </ClInclude>
    <ClInclude Include="..\libiconv\lib\cns11643_15.h">
      <Filter>Header Files</Filter>
    </ClInclude>
    <ClInclude Include="..\libiconv\lib\cns11643_2.h">
      <Filter>Header Files</Filter>
    </ClInclude>
    <ClInclude Include="..\libiconv\lib\cns11643_3.h">
      <Filter>Header Files</Filter>
    </ClInclude>
    <ClInclude Include="..\libiconv\lib\cns11643_4.h">
      <Filter>Header Files</Filter>
    </ClInclude>
    <ClInclude Include="..\libiconv\lib\cns11643_4a.h">
      <Filter>Header Files</Filter>
    </ClInclude>
    <ClInclude Include="..\libiconv\lib\cns11643_4b.h">
      <Filter>Header Files</Filter>
    </ClInclude>
    <ClInclude Include="..\libiconv\lib\cns11643_5.h">
      <Filter>Header Files</Filter>
    </ClInclude>
    <ClInclude Include="..\libiconv\lib\cns11643_6.h">
      <Filter>Header Files</Filter>
    </ClInclude>
    <ClInclude Include="..\libiconv\lib\cns11643_7.h">
      <Filter>Header Files</Filter>
    </ClInclude>
    <ClInclude Include="..\libiconv\lib\cns11643_inv.h">
      <Filter>Header Files</Filter>
    </ClInclude>
    <ClInclude Include="..\libiconv\lib\config.h">
      <Filter>Header Files</Filter>
    </ClInclude>
    <ClInclude Include="..\libiconv\lib\converters.h">
      <Filter>Header Files</Filter>
    </ClInclude>
    <ClInclude Include="..\libiconv\lib\cp1046.h">
      <Filter>Header Files</Filter>
    </ClInclude>
    <ClInclude Include="..\libiconv\lib\cp1124.h">
      <Filter>Header Files</Filter>
    </ClInclude>
    <ClInclude Include="..\libiconv\lib\cp1125.h">
      <Filter>Header Files</Filter>
    </ClInclude>
    <ClInclude Include="..\libiconv\lib\cp1129.h">
      <Filter>Header Files</Filter>
    </ClInclude>
    <ClInclude Include="..\libiconv\lib\cp1133.h">
      <Filter>Header Files</Filter>
    </ClInclude>
    <ClInclude Include="..\libiconv\lib\cp1161.h">
      <Filter>Header Files</Filter>
    </ClInclude>
    <ClInclude Include="..\libiconv\lib\cp1162.h">
      <Filter>Header Files</Filter>
    </ClInclude>
    <ClInclude Include="..\libiconv\lib\cp1163.h">
      <Filter>Header Files</Filter>
    </ClInclude>
    <ClInclude Include="..\libiconv\lib\cp1250.h">
      <Filter>Header Files</Filter>
    </ClInclude>
    <ClInclude Include="..\libiconv\lib\cp1251.h">
      <Filter>Header Files</Filter>
    </ClInclude>
    <ClInclude Include="..\libiconv\lib\cp1252.h">
      <Filter>Header Files</Filter>
    </ClInclude>
    <ClInclude Include="..\libiconv\lib\cp1253.h">
      <Filter>Header Files</Filter>
    </ClInclude>
    <ClInclude Include="..\libiconv\lib\cp1254.h">
      <Filter>Header Files</Filter>
    </ClInclude>
    <ClInclude Include="..\libiconv\lib\cp1255.h">
      <Filter>Header Files</Filter>
    </ClInclude>
    <ClInclude Include="..\libiconv\lib\cp1256.h">
      <Filter>Header Files</Filter>
    </ClInclude>
    <ClInclude Include="..\libiconv\lib\cp1257.h">
      <Filter>Header Files</Filter>
    </ClInclude>
    <ClInclude Include="..\libiconv\lib\cp1258.h">
      <Filter>Header Files</Filter>
    </ClInclude>
    <ClInclude Include="..\libiconv\lib\cp437.h">
      <Filter>Header Files</Filter>
    </ClInclude>
    <ClInclude Include="..\libiconv\lib\cp737.h">
      <Filter>Header Files</Filter>
    </ClInclude>
    <ClInclude Include="..\libiconv\lib\cp775.h">
      <Filter>Header Files</Filter>
    </ClInclude>
    <ClInclude Include="..\libiconv\lib\cp850.h">
      <Filter>Header Files</Filter>
    </ClInclude>
    <ClInclude Include="..\libiconv\lib\cp852.h">
      <Filter>Header Files</Filter>
    </ClInclude>
    <ClInclude Include="..\libiconv\lib\cp853.h">
      <Filter>Header Files</Filter>
    </ClInclude>
    <ClInclude Include="..\libiconv\lib\cp855.h">
      <Filter>Header Files</Filter>
    </ClInclude>
    <ClInclude Include="..\libiconv\lib\cp856.h">
      <Filter>Header Files</Filter>
    </ClInclude>
    <ClInclude Include="..\libiconv\lib\cp857.h">
      <Filter>Header Files</Filter>
    </ClInclude>
    <ClInclude Include="..\libiconv\lib\cp858.h">
      <Filter>Header Files</Filter>
    </ClInclude>
    <ClInclude Include="..\libiconv\lib\cp860.h">
      <Filter>Header Files</Filter>
    </ClInclude>
    <ClInclude Include="..\libiconv\lib\cp861.h">
      <Filter>Header Files</Filter>
    </ClInclude>
    <ClInclude Include="..\libiconv\lib\cp862.h">
      <Filter>Header Files</Filter>
    </ClInclude>
    <ClInclude Include="..\libiconv\lib\cp863.h">
      <Filter>Header Files</Filter>
    </ClInclude>
    <ClInclude Include="..\libiconv\lib\cp864.h">
      <Filter>Header Files</Filter>
    </ClInclude>
    <ClInclude Include="..\libiconv\lib\cp865.h">
      <Filter>Header Files</Filter>
    </ClInclude>
    <ClInclude Include="..\libiconv\lib\cp866.h">
      <Filter>Header Files</Filter>
    </ClInclude>
    <ClInclude Include="..\libiconv\lib\cp869.h">
      <Filter>Header Files</Filter>
    </ClInclude>
    <ClInclude Include="..\libiconv\lib\cp874.h">
      <Filter>Header Files</Filter>
    </ClInclude>
    <ClInclude Include="..\libiconv\lib\cp922.h">
      <Filter>Header Files</Filter>
    </ClInclude>
    <ClInclude Include="..\libiconv\lib\cp932.h">
      <Filter>Header Files</Filter>
    </ClInclude>
    <ClInclude Include="..\libiconv\lib\cp932ext.h">
      <Filter>Header Files</Filter>
    </ClInclude>
    <ClInclude Include="..\libiconv\lib\cp936.h">
      <Filter>Header Files</Filter>
    </ClInclude>
    <ClInclude Include="..\libiconv\lib\cp936ext.h">
      <Filter>Header Files</Filter>
    </ClInclude>
    <ClInclude Include="..\libiconv\lib\cp943.h">
      <Filter>Header Files</Filter>
    </ClInclude>
    <ClInclude Include="..\libiconv\lib\cp949.h">
      <Filter>Header Files</Filter>
    </ClInclude>
    <ClInclude Include="..\libiconv\lib\cp950.h">
      <Filter>Header Files</Filter>
    </ClInclude>
    <ClInclude Include="..\libiconv\lib\cp950ext.h">
      <Filter>Header Files</Filter>
    </ClInclude>
    <ClInclude Include="..\libiconv\lib\dec_hanyu.h">
      <Filter>Header Files</Filter>
    </ClInclude>
    <ClInclude Include="..\libiconv\lib\dec_kanji.h">
      <Filter>Header Files</Filter>
    </ClInclude>
    <ClInclude Include="..\libiconv\lib\euc_cn.h">
      <Filter>Header Files</Filter>
    </ClInclude>
    <ClInclude Include="..\libiconv\lib\euc_jisx0213.h">
      <Filter>Header Files</Filter>
    </ClInclude>
    <ClInclude Include="..\libiconv\lib\euc_jp.h">
      <Filter>Header Files</Filter>
    </ClInclude>
    <ClInclude Include="..\libiconv\lib\euc_kr.h">
      <Filter>Header Files</Filter>
    </ClInclude>
    <ClInclude Include="..\libiconv\lib\euc_tw.h">
      <Filter>Header Files</Filter>
    </ClInclude>
    <ClInclude Include="..\libiconv\lib\flags.h">
      <Filter>Header Files</Filter>
    </ClInclude>
    <ClInclude Include="..\libiconv\lib\flushwc.h">
      <Filter>Header Files</Filter>
    </ClInclude>
    <ClInclude Include="..\libiconv\lib\gb12345.h">
      <Filter>Header Files</Filter>
    </ClInclude>
    <ClInclude Include="..\libiconv\lib\gb12345ext.h">
      <Filter>Header Files</Filter>
    </ClInclude>
    <ClInclude Include="..\libiconv\lib\gb18030.h">
      <Filter>Header Files</Filter>
    </ClInclude>
    <ClInclude Include="..\libiconv\lib\gb18030ext.h">
      <Filter>Header Files</Filter>
    </ClInclude>
    <ClInclude Include="..\libiconv\lib\gb18030uni.h">
      <Filter>Header Files</Filter>
    </ClInclude>
    <ClInclude Include="..\libiconv\lib\gb2312.h">
      <Filter>Header Files</Filter>
    </ClInclude>
    <ClInclude Include="..\libiconv\lib\gbk.h">
      <Filter>Header Files</Filter>
    </ClInclude>
    <ClInclude Include="..\libiconv\lib\gbkext1.h">
      <Filter>Header Files</Filter>
    </ClInclude>
    <ClInclude Include="..\libiconv\lib\gbkext2.h">
      <Filter>Header Files</Filter>
    </ClInclude>
    <ClInclude Include="..\libiconv\lib\gbkext_inv.h">
      <Filter>Header Files</Filter>
    </ClInclude>
    <ClInclude Include="..\libiconv\lib\georgian_academy.h">
      <Filter>Header Files</Filter>
    </ClInclude>
    <ClInclude Include="..\libiconv\lib\georgian_ps.h">
      <Filter>Header Files</Filter>
    </ClInclude>
    <ClInclude Include="..\libiconv\lib\hkscs1999.h">
      <Filter>Header Files</Filter>
    </ClInclude>
    <ClInclude Include="..\libiconv\lib\hkscs2001.h">
      <Filter>Header Files</Filter>
    </ClInclude>
    <ClInclude Include="..\libiconv\lib\hkscs2004.h">
      <Filter>Header Files</Filter>
    </ClInclude>
    <ClInclude Include="..\libiconv\lib\hp_roman8.h">
      <Filter>Header Files</Filter>
    </ClInclude>
    <ClInclude Include="..\libiconv\lib\hz.h">
      <Filter>Header Files</Filter>
    </ClInclude>
    <ClInclude Include="..\libiconv\lib\iso2022_cn.h">
      <Filter>Header Files</Filter>
    </ClInclude>
    <ClInclude Include="..\libiconv\lib\iso2022_cnext.h">
      <Filter>Header Files</Filter>
    </ClInclude>
    <ClInclude Include="..\libiconv\lib\iso2022_jp.h">
      <Filter>Header Files</Filter>
    </ClInclude>
    <ClInclude Include="..\libiconv\lib\iso2022_jp1.h">
      <Filter>Header Files</Filter>
    </ClInclude>
    <ClInclude Include="..\libiconv\lib\iso2022_jp2.h">
      <Filter>Header Files</Filter>
    </ClInclude>
    <ClInclude Include="..\libiconv\lib\iso2022_jp3.h">
      <Filter>Header Files</Filter>
    </ClInclude>
    <ClInclude Include="..\libiconv\lib\iso2022_kr.h">
      <Filter>Header Files</Filter>
    </ClInclude>
    <ClInclude Include="..\libiconv\lib\iso646_cn.h">
      <Filter>Header Files</Filter>
    </ClInclude>
    <ClInclude Include="..\libiconv\lib\iso646_jp.h">
      <Filter>Header Files</Filter>
    </ClInclude>
    <ClInclude Include="..\libiconv\lib\iso8859_1.h">
      <Filter>Header Files</Filter>
    </ClInclude>
    <ClInclude Include="..\libiconv\lib\iso8859_10.h">
      <Filter>Header Files</Filter>
    </ClInclude>
    <ClInclude Include="..\libiconv\lib\iso8859_11.h">
      <Filter>Header Files</Filter>
    </ClInclude>
    <ClInclude Include="..\libiconv\lib\iso8859_13.h">
      <Filter>Header Files</Filter>
    </ClInclude>
    <ClInclude Include="..\libiconv\lib\iso8859_14.h">
      <Filter>Header Files</Filter>
    </ClInclude>
    <ClInclude Include="..\libiconv\lib\iso8859_15.h">
      <Filter>Header Files</Filter>
    </ClInclude>
    <ClInclude Include="..\libiconv\lib\iso8859_16.h">
      <Filter>Header Files</Filter>
    </ClInclude>
    <ClInclude Include="..\libiconv\lib\iso8859_2.h">
      <Filter>Header Files</Filter>
    </ClInclude>
    <ClInclude Include="..\libiconv\lib\iso8859_3.h">
      <Filter>Header Files</Filter>
    </ClInclude>
    <ClInclude Include="..\libiconv\lib\iso8859_4.h">
      <Filter>Header Files</Filter>
    </ClInclude>
    <ClInclude Include="..\libiconv\lib\iso8859_5.h">
      <Filter>Header Files</Filter>
    </ClInclude>
    <ClInclude Include="..\libiconv\lib\iso8859_6.h">
      <Filter>Header Files</Filter>
    </ClInclude>
    <ClInclude Include="..\libiconv\lib\iso8859_7.h">
      <Filter>Header Files</Filter>
    </ClInclude>
    <ClInclude Include="..\libiconv\lib\iso8859_8.h">
      <Filter>Header Files</Filter>
    </ClInclude>
    <ClInclude Include="..\libiconv\lib\iso8859_9.h">
      <Filter>Header Files</Filter>
    </ClInclude>
    <ClInclude Include="..\libiconv\lib\isoir165.h">
      <Filter>Header Files</Filter>
    </ClInclude>
    <ClInclude Include="..\libiconv\lib\isoir165ext.h">
      <Filter>Header Files</Filter>
    </ClInclude>
    <ClInclude Include="..\libiconv\lib\java.h">
      <Filter>Header Files</Filter>
    </ClInclude>
    <ClInclude Include="..\libiconv\lib\jisx0201.h">
      <Filter>Header Files</Filter>
    </ClInclude>
    <ClInclude Include="..\libiconv\lib\jisx0208.h">
      <Filter>Header Files</Filter>
    </ClInclude>
    <ClInclude Include="..\libiconv\lib\jisx0212.h">
      <Filter>Header Files</Filter>
    </ClInclude>
    <ClInclude Include="..\libiconv\lib\jisx0213.h">
      <Filter>Header Files</Filter>
    </ClInclude>
    <ClInclude Include="..\libiconv\lib\johab.h">
      <Filter>Header Files</Filter>
    </ClInclude>
    <ClInclude Include="..\libiconv\lib\johab_hangul.h">
      <Filter>Header Files</Filter>
    </ClInclude>
    <ClInclude Include="..\libiconv\lib\koi8_r.h">
      <Filter>Header Files</Filter>
    </ClInclude>
    <ClInclude Include="..\libiconv\lib\koi8_ru.h">
      <Filter>Header Files</Filter>
    </ClInclude>
    <ClInclude Include="..\libiconv\lib\koi8_t.h">
      <Filter>Header Files</Filter>
    </ClInclude>
    <ClInclude Include="..\libiconv\lib\koi8_u.h">
      <Filter>Header Files</Filter>
    </ClInclude>
    <ClInclude Include="..\libiconv\lib\ksc5601.h">
      <Filter>Header Files</Filter>
    </ClInclude>
    <ClInclude Include="..\libiconv\lib\loop_unicode.h">
      <Filter>Header Files</Filter>
    </ClInclude>
    <ClInclude Include="..\libiconv\lib\loop_wchar.h">
      <Filter>Header Files</Filter>
    </ClInclude>
    <ClInclude Include="..\libiconv\lib\loops.h">
      <Filter>Header Files</Filter>
    </ClInclude>
    <ClInclude Include="..\libiconv\lib\mac_arabic.h">
      <Filter>Header Files</Filter>
    </ClInclude>
    <ClInclude Include="..\libiconv\lib\mac_centraleurope.h">
      <Filter>Header Files</Filter>
    </ClInclude>
    <ClInclude Include="..\libiconv\lib\mac_croatian.h">
      <Filter>Header Files</Filter>
    </ClInclude>
    <ClInclude Include="..\libiconv\lib\mac_cyrillic.h">
      <Filter>Header Files</Filter>
    </ClInclude>
    <ClInclude Include="..\libiconv\lib\mac_greek.h">
      <Filter>Header Files</Filter>
    </ClInclude>
    <ClInclude Include="..\libiconv\lib\mac_hebrew.h">
      <Filter>Header Files</Filter>
    </ClInclude>
    <ClInclude Include="..\libiconv\lib\mac_iceland.h">
      <Filter>Header Files</Filter>
    </ClInclude>
    <ClInclude Include="..\libiconv\lib\mac_roman.h">
      <Filter>Header Files</Filter>
    </ClInclude>
    <ClInclude Include="..\libiconv\lib\mac_romania.h">
      <Filter>Header Files</Filter>
    </ClInclude>
    <ClInclude Include="..\libiconv\lib\mac_thai.h">
      <Filter>Header Files</Filter>
    </ClInclude>
    <ClInclude Include="..\libiconv\lib\mac_turkish.h">
      <Filter>Header Files</Filter>
    </ClInclude>
    <ClInclude Include="..\libiconv\lib\mac_ukraine.h">
      <Filter>Header Files</Filter>
    </ClInclude>
    <ClInclude Include="..\libiconv\lib\mulelao.h">
      <Filter>Header Files</Filter>
    </ClInclude>
    <ClInclude Include="..\libiconv\lib\nextstep.h">
      <Filter>Header Files</Filter>
    </ClInclude>
    <ClInclude Include="..\libiconv\lib\pt154.h">
      <Filter>Header Files</Filter>
    </ClInclude>
    <ClInclude Include="..\libiconv\lib\relocatable.h">
      <Filter>Header Files</Filter>
    </ClInclude>
    <ClInclude Include="..\libiconv\lib\riscos1.h">
      <Filter>Header Files</Filter>
    </ClInclude>
    <ClInclude Include="..\libiconv\lib\shift_jisx0213.h">
      <Filter>Header Files</Filter>
    </ClInclude>
    <ClInclude Include="..\libiconv\lib\sjis.h">
      <Filter>Header Files</Filter>
    </ClInclude>
    <ClInclude Include="..\libiconv\lib\tcvn.h">
      <Filter>Header Files</Filter>
    </ClInclude>
    <ClInclude Include="..\libiconv\lib\tds565.h">
      <Filter>Header Files</Filter>
    </ClInclude>
    <ClInclude Include="..\libiconv\lib\tis620.h">
      <Filter>Header Files</Filter>
    </ClInclude>
    <ClInclude Include="..\libiconv\lib\translit.h">
      <Filter>Header Files</Filter>
    </ClInclude>
    <ClInclude Include="..\libiconv\lib\ucs2.h">
      <Filter>Header Files</Filter>
    </ClInclude>
    <ClInclude Include="..\libiconv\lib\ucs2be.h">
      <Filter>Header Files</Filter>
    </ClInclude>
    <ClInclude Include="..\libiconv\lib\ucs2internal.h">
      <Filter>Header Files</Filter>
    </ClInclude>
    <ClInclude Include="..\libiconv\lib\ucs2le.h">
      <Filter>Header Files</Filter>
    </ClInclude>
    <ClInclude Include="..\libiconv\lib\ucs2swapped.h">
      <Filter>Header Files</Filter>
    </ClInclude>
    <ClInclude Include="..\libiconv\lib\ucs4.h">
      <Filter>Header Files</Filter>
    </ClInclude>
    <ClInclude Include="..\libiconv\lib\ucs4be.h">
      <Filter>Header Files</Filter>
    </ClInclude>
    <ClInclude Include="..\libiconv\lib\ucs4internal.h">
      <Filter>Header Files</Filter>
    </ClInclude>
    <ClInclude Include="..\libiconv\lib\ucs4le.h">
      <Filter>Header Files</Filter>
    </ClInclude>
    <ClInclude Include="..\libiconv\lib\ucs4swapped.h">
      <Filter>Header Files</Filter>
    </ClInclude>
    <ClInclude Include="..\libiconv\lib\uhc_1.h">
      <Filter>Header Files</Filter>
    </ClInclude>
    <ClInclude Include="..\libiconv\lib\uhc_2.h">
      <Filter>Header Files</Filter>
    </ClInclude>
    <ClInclude Include="..\libiconv\lib\utf16.h">
      <Filter>Header Files</Filter>
    </ClInclude>
    <ClInclude Include="..\libiconv\lib\utf16be.h">
      <Filter>Header Files</Filter>
    </ClInclude>
    <ClInclude Include="..\libiconv\lib\utf16le.h">
      <Filter>Header Files</Filter>
    </ClInclude>
    <ClInclude Include="..\libiconv\lib\utf32.h">
      <Filter>Header Files</Filter>
    </ClInclude>
    <ClInclude Include="..\libiconv\lib\utf32be.h">
      <Filter>Header Files</Filter>
    </ClInclude>
    <ClInclude Include="..\libiconv\lib\utf32le.h">
      <Filter>Header Files</Filter>
    </ClInclude>
    <ClInclude Include="..\libiconv\lib\utf7.h">
      <Filter>Header Files</Filter>
    </ClInclude>
    <ClInclude Include="..\libiconv\lib\utf8.h">
      <Filter>Header Files</Filter>
    </ClInclude>
    <ClInclude Include="..\libiconv\lib\vietcomb.h">
      <Filter>Header Files</Filter>
    </ClInclude>
    <ClInclude Include="..\libiconv\lib\viscii.h">
      <Filter>Header Files</Filter>
    </ClInclude>
  </ItemGroup>
</Project>