// !$*UTF8*$!
{
	archiveVersion = 1;
	classes = {
	};
	objectVersion = 44;
	objects = {

/* Begin PBXBuildFile section */
		00938F3A108A53BE0009CF19 /* MPEG.h in Headers */ = {isa = PBXBuildFile; fileRef = F8508D1703AD9BB801A8000A /* MPEG.h */; settings = {ATTRIBUTES = (Public, ); }; };
		00938F3B108A53BE0009CF19 /* MPEGaction.h in Headers */ = {isa = PBXBuildFile; fileRef = F8508D1803AD9BB801A8000A /* MPEGaction.h */; settings = {ATTRIBUTES = (Public, ); }; };
		00938F3C108A53BE0009CF19 /* MPEGaudio.h in Headers */ = {isa = PBXBuildFile; fileRef = F8508D1903AD9BB801A8000A /* MPEGaudio.h */; settings = {ATTRIBUTES = (Public, ); }; };
		00938F3D108A53BE0009CF19 /* MPEGerror.h in Headers */ = {isa = PBXBuildFile; fileRef = F8508D1A03AD9BB801A8000A /* MPEGerror.h */; settings = {ATTRIBUTES = (Public, ); }; };
		00938F3E108A53BE0009CF19 /* MPEGfilter.h in Headers */ = {isa = PBXBuildFile; fileRef = F8508D1B03AD9BB801A8000A /* MPEGfilter.h */; settings = {ATTRIBUTES = (Public, ); }; };
		00938F3F108A53BE0009CF19 /* MPEGlist.h in Headers */ = {isa = PBXBuildFile; fileRef = F8508D1C03AD9BB801A8000A /* MPEGlist.h */; settings = {ATTRIBUTES = (Public, ); }; };
		00938F40108A53BE0009CF19 /* MPEGring.h in Headers */ = {isa = PBXBuildFile; fileRef = F8508D1D03AD9BB801A8000A /* MPEGring.h */; settings = {ATTRIBUTES = (Public, ); }; };
		00938F41108A53BE0009CF19 /* MPEGstream.h in Headers */ = {isa = PBXBuildFile; fileRef = F8508D1E03AD9BB801A8000A /* MPEGstream.h */; settings = {ATTRIBUTES = (Public, ); }; };
		00938F42108A53BE0009CF19 /* MPEGsystem.h in Headers */ = {isa = PBXBuildFile; fileRef = F8508D1F03AD9BB801A8000A /* MPEGsystem.h */; settings = {ATTRIBUTES = (Public, ); }; };
		00938F43108A53BE0009CF19 /* MPEGvideo.h in Headers */ = {isa = PBXBuildFile; fileRef = F8508D2003AD9BB801A8000A /* MPEGvideo.h */; settings = {ATTRIBUTES = (Public, ); }; };
		00938F44108A53BE0009CF19 /* smpeg.h in Headers */ = {isa = PBXBuildFile; fileRef = F8508D2103AD9BB801A8000A /* smpeg.h */; settings = {ATTRIBUTES = (Public, ); }; };
		00938F45108A53BE0009CF19 /* decoders.h in Headers */ = {isa = PBXBuildFile; fileRef = F8508D5403AD9BF301A8000A /* decoders.h */; };
		00938F46108A53BE0009CF19 /* dither.h in Headers */ = {isa = PBXBuildFile; fileRef = F8508D5503AD9BF301A8000A /* dither.h */; };
		00938F47108A53BE0009CF19 /* proto.h in Headers */ = {isa = PBXBuildFile; fileRef = F8508D6103AD9BF301A8000A /* proto.h */; };
		00938F48108A53BE0009CF19 /* util.h in Headers */ = {isa = PBXBuildFile; fileRef = F8508D6503AD9BF301A8000A /* util.h */; };
		00938F49108A53BE0009CF19 /* vhar128.h in Headers */ = {isa = PBXBuildFile; fileRef = F8508D6703AD9BF301A8000A /* vhar128.h */; };
		00938F4A108A53BE0009CF19 /* video.h in Headers */ = {isa = PBXBuildFile; fileRef = F8508D6903AD9BF301A8000A /* video.h */; };
		00938F4D108A53BE0009CF19 /* bitwindow.cpp in Sources */ = {isa = PBXBuildFile; fileRef = F8508D3A03AD9BF301A8000A /* bitwindow.cpp */; };
		00938F4E108A53BE0009CF19 /* filter.cpp in Sources */ = {isa = PBXBuildFile; fileRef = F8508D3C03AD9BF301A8000A /* filter.cpp */; };
		00938F4F108A53BE0009CF19 /* filter_2.cpp in Sources */ = {isa = PBXBuildFile; fileRef = F8508D3D03AD9BF301A8000A /* filter_2.cpp */; };
		00938F50108A53BE0009CF19 /* hufftable.cpp in Sources */ = {isa = PBXBuildFile; fileRef = F8508D3E03AD9BF301A8000A /* hufftable.cpp */; };
		00938F51108A53BE0009CF19 /* MPEGaudio.cpp in Sources */ = {isa = PBXBuildFile; fileRef = F8508D4203AD9BF301A8000A /* MPEGaudio.cpp */; };
		00938F52108A53BE0009CF19 /* mpeglayer1.cpp in Sources */ = {isa = PBXBuildFile; fileRef = F8508D4303AD9BF301A8000A /* mpeglayer1.cpp */; };
		00938F53108A53BE0009CF19 /* mpeglayer2.cpp in Sources */ = {isa = PBXBuildFile; fileRef = F8508D4403AD9BF301A8000A /* mpeglayer2.cpp */; };
		00938F54108A53BE0009CF19 /* mpeglayer3.cpp in Sources */ = {isa = PBXBuildFile; fileRef = F8508D4503AD9BF301A8000A /* mpeglayer3.cpp */; };
		00938F55108A53BE0009CF19 /* mpegtable.cpp in Sources */ = {isa = PBXBuildFile; fileRef = F8508D4603AD9BF301A8000A /* mpegtable.cpp */; };
		00938F56108A53BE0009CF19 /* mpegtoraw.cpp in Sources */ = {isa = PBXBuildFile; fileRef = F8508D4703AD9BF301A8000A /* mpegtoraw.cpp */; };
		00938F57108A53BE0009CF19 /* MPEG.cpp in Sources */ = {isa = PBXBuildFile; fileRef = F8508D4A03AD9BF301A8000A /* MPEG.cpp */; };
		00938F58108A53BE0009CF19 /* MPEGfilter.c in Sources */ = {isa = PBXBuildFile; fileRef = F8508D4B03AD9BF301A8000A /* MPEGfilter.c */; };
		00938F59108A53BE0009CF19 /* MPEGlist.cpp in Sources */ = {isa = PBXBuildFile; fileRef = F8508D4C03AD9BF301A8000A /* MPEGlist.cpp */; };
		00938F5A108A53BE0009CF19 /* MPEGring.cpp in Sources */ = {isa = PBXBuildFile; fileRef = F8508D4D03AD9BF301A8000A /* MPEGring.cpp */; };
		00938F5B108A53BE0009CF19 /* MPEGstream.cpp in Sources */ = {isa = PBXBuildFile; fileRef = F8508D4E03AD9BF301A8000A /* MPEGstream.cpp */; };
		00938F5C108A53BE0009CF19 /* MPEGsystem.cpp in Sources */ = {isa = PBXBuildFile; fileRef = F8508D4F03AD9BF301A8000A /* MPEGsystem.cpp */; };
		00938F5D108A53BE0009CF19 /* smpeg.cpp in Sources */ = {isa = PBXBuildFile; fileRef = F8508D5003AD9BF301A8000A /* smpeg.cpp */; };
		00938F5E108A53BE0009CF19 /* decoders.cpp in Sources */ = {isa = PBXBuildFile; fileRef = F8508D5303AD9BF301A8000A /* decoders.cpp */; };
		00938F5F108A53BE0009CF19 /* floatdct.cpp in Sources */ = {isa = PBXBuildFile; fileRef = F8508D5603AD9BF301A8000A /* floatdct.cpp */; };
		00938F60108A53BE0009CF19 /* gdith.cpp in Sources */ = {isa = PBXBuildFile; fileRef = F8508D5703AD9BF301A8000A /* gdith.cpp */; };
		00938F61108A53BE0009CF19 /* jrevdct.cpp in Sources */ = {isa = PBXBuildFile; fileRef = F8508D5803AD9BF301A8000A /* jrevdct.cpp */; };
		00938F62108A53BE0009CF19 /* motionvec.cpp in Sources */ = {isa = PBXBuildFile; fileRef = F8508D5E03AD9BF301A8000A /* motionvec.cpp */; };
		00938F63108A53BE0009CF19 /* MPEGvideo.cpp in Sources */ = {isa = PBXBuildFile; fileRef = F8508D5F03AD9BF301A8000A /* MPEGvideo.cpp */; };
		00938F64108A53BE0009CF19 /* parseblock.cpp in Sources */ = {isa = PBXBuildFile; fileRef = F8508D6003AD9BF301A8000A /* parseblock.cpp */; };
		00938F65108A53BE0009CF19 /* readfile.cpp in Sources */ = {isa = PBXBuildFile; fileRef = F8508D6203AD9BF301A8000A /* readfile.cpp */; };
		00938F66108A53BE0009CF19 /* util.cpp in Sources */ = {isa = PBXBuildFile; fileRef = F8508D6403AD9BF301A8000A /* util.cpp */; };
		00938F67108A53BE0009CF19 /* vhar128.cpp in Sources */ = {isa = PBXBuildFile; fileRef = F8508D6603AD9BF301A8000A /* vhar128.cpp */; };
		00938F68108A53BE0009CF19 /* video.cpp in Sources */ = {isa = PBXBuildFile; fileRef = F8508D6803AD9BF301A8000A /* video.cpp */; };
		00938F74108A53BE0009CF19 /* MPEG.h in Headers */ = {isa = PBXBuildFile; fileRef = F8508D1703AD9BB801A8000A /* MPEG.h */; };
		00938F75108A53BE0009CF19 /* MPEGaction.h in Headers */ = {isa = PBXBuildFile; fileRef = F8508D1803AD9BB801A8000A /* MPEGaction.h */; };
		00938F76108A53BE0009CF19 /* MPEGaudio.h in Headers */ = {isa = PBXBuildFile; fileRef = F8508D1903AD9BB801A8000A /* MPEGaudio.h */; };
		00938F77108A53BE0009CF19 /* MPEGerror.h in Headers */ = {isa = PBXBuildFile; fileRef = F8508D1A03AD9BB801A8000A /* MPEGerror.h */; };
		00938F78108A53BE0009CF19 /* MPEGfilter.h in Headers */ = {isa = PBXBuildFile; fileRef = F8508D1B03AD9BB801A8000A /* MPEGfilter.h */; };
		00938F79108A53BE0009CF19 /* MPEGlist.h in Headers */ = {isa = PBXBuildFile; fileRef = F8508D1C03AD9BB801A8000A /* MPEGlist.h */; };
		00938F7A108A53BE0009CF19 /* MPEGring.h in Headers */ = {isa = PBXBuildFile; fileRef = F8508D1D03AD9BB801A8000A /* MPEGring.h */; };
		00938F7B108A53BE0009CF19 /* MPEGstream.h in Headers */ = {isa = PBXBuildFile; fileRef = F8508D1E03AD9BB801A8000A /* MPEGstream.h */; };
		00938F7C108A53BE0009CF19 /* MPEGsystem.h in Headers */ = {isa = PBXBuildFile; fileRef = F8508D1F03AD9BB801A8000A /* MPEGsystem.h */; };
		00938F7D108A53BE0009CF19 /* MPEGvideo.h in Headers */ = {isa = PBXBuildFile; fileRef = F8508D2003AD9BB801A8000A /* MPEGvideo.h */; };
		00938F7E108A53BE0009CF19 /* smpeg.h in Headers */ = {isa = PBXBuildFile; fileRef = F8508D2103AD9BB801A8000A /* smpeg.h */; };
		00938F7F108A53BE0009CF19 /* decoders.h in Headers */ = {isa = PBXBuildFile; fileRef = F8508D5403AD9BF301A8000A /* decoders.h */; };
		00938F80108A53BE0009CF19 /* dither.h in Headers */ = {isa = PBXBuildFile; fileRef = F8508D5503AD9BF301A8000A /* dither.h */; };
		00938F81108A53BE0009CF19 /* proto.h in Headers */ = {isa = PBXBuildFile; fileRef = F8508D6103AD9BF301A8000A /* proto.h */; };
		00938F82108A53BE0009CF19 /* util.h in Headers */ = {isa = PBXBuildFile; fileRef = F8508D6503AD9BF301A8000A /* util.h */; };
		00938F83108A53BE0009CF19 /* vhar128.h in Headers */ = {isa = PBXBuildFile; fileRef = F8508D6703AD9BF301A8000A /* vhar128.h */; };
		00938F84108A53BE0009CF19 /* video.h in Headers */ = {isa = PBXBuildFile; fileRef = F8508D6903AD9BF301A8000A /* video.h */; };
		00938F86108A53BE0009CF19 /* bitwindow.cpp in Sources */ = {isa = PBXBuildFile; fileRef = F8508D3A03AD9BF301A8000A /* bitwindow.cpp */; };
		00938F87108A53BE0009CF19 /* filter.cpp in Sources */ = {isa = PBXBuildFile; fileRef = F8508D3C03AD9BF301A8000A /* filter.cpp */; };
		00938F88108A53BE0009CF19 /* filter_2.cpp in Sources */ = {isa = PBXBuildFile; fileRef = F8508D3D03AD9BF301A8000A /* filter_2.cpp */; };
		00938F89108A53BE0009CF19 /* hufftable.cpp in Sources */ = {isa = PBXBuildFile; fileRef = F8508D3E03AD9BF301A8000A /* hufftable.cpp */; };
		00938F8A108A53BE0009CF19 /* MPEGaudio.cpp in Sources */ = {isa = PBXBuildFile; fileRef = F8508D4203AD9BF301A8000A /* MPEGaudio.cpp */; };
		00938F8B108A53BE0009CF19 /* mpeglayer1.cpp in Sources */ = {isa = PBXBuildFile; fileRef = F8508D4303AD9BF301A8000A /* mpeglayer1.cpp */; };
		00938F8C108A53BE0009CF19 /* mpeglayer2.cpp in Sources */ = {isa = PBXBuildFile; fileRef = F8508D4403AD9BF301A8000A /* mpeglayer2.cpp */; };
		00938F8D108A53BE0009CF19 /* mpeglayer3.cpp in Sources */ = {isa = PBXBuildFile; fileRef = F8508D4503AD9BF301A8000A /* mpeglayer3.cpp */; };
		00938F8E108A53BE0009CF19 /* mpegtable.cpp in Sources */ = {isa = PBXBuildFile; fileRef = F8508D4603AD9BF301A8000A /* mpegtable.cpp */; };
		00938F8F108A53BE0009CF19 /* mpegtoraw.cpp in Sources */ = {isa = PBXBuildFile; fileRef = F8508D4703AD9BF301A8000A /* mpegtoraw.cpp */; };
		00938F90108A53BE0009CF19 /* MPEG.cpp in Sources */ = {isa = PBXBuildFile; fileRef = F8508D4A03AD9BF301A8000A /* MPEG.cpp */; };
		00938F91108A53BE0009CF19 /* MPEGfilter.c in Sources */ = {isa = PBXBuildFile; fileRef = F8508D4B03AD9BF301A8000A /* MPEGfilter.c */; };
		00938F92108A53BE0009CF19 /* MPEGlist.cpp in Sources */ = {isa = PBXBuildFile; fileRef = F8508D4C03AD9BF301A8000A /* MPEGlist.cpp */; };
		00938F93108A53BE0009CF19 /* MPEGring.cpp in Sources */ = {isa = PBXBuildFile; fileRef = F8508D4D03AD9BF301A8000A /* MPEGring.cpp */; };
		00938F94108A53BE0009CF19 /* MPEGstream.cpp in Sources */ = {isa = PBXBuildFile; fileRef = F8508D4E03AD9BF301A8000A /* MPEGstream.cpp */; };
		00938F95108A53BE0009CF19 /* MPEGsystem.cpp in Sources */ = {isa = PBXBuildFile; fileRef = F8508D4F03AD9BF301A8000A /* MPEGsystem.cpp */; };
		00938F96108A53BE0009CF19 /* smpeg.cpp in Sources */ = {isa = PBXBuildFile; fileRef = F8508D5003AD9BF301A8000A /* smpeg.cpp */; };
		00938F97108A53BE0009CF19 /* decoders.cpp in Sources */ = {isa = PBXBuildFile; fileRef = F8508D5303AD9BF301A8000A /* decoders.cpp */; };
		00938F98108A53BE0009CF19 /* floatdct.cpp in Sources */ = {isa = PBXBuildFile; fileRef = F8508D5603AD9BF301A8000A /* floatdct.cpp */; };
		00938F99108A53BE0009CF19 /* gdith.cpp in Sources */ = {isa = PBXBuildFile; fileRef = F8508D5703AD9BF301A8000A /* gdith.cpp */; };
		00938F9A108A53BE0009CF19 /* jrevdct.cpp in Sources */ = {isa = PBXBuildFile; fileRef = F8508D5803AD9BF301A8000A /* jrevdct.cpp */; };
		00938F9B108A53BE0009CF19 /* motionvec.cpp in Sources */ = {isa = PBXBuildFile; fileRef = F8508D5E03AD9BF301A8000A /* motionvec.cpp */; };
		00938F9C108A53BE0009CF19 /* MPEGvideo.cpp in Sources */ = {isa = PBXBuildFile; fileRef = F8508D5F03AD9BF301A8000A /* MPEGvideo.cpp */; };
		00938F9D108A53BE0009CF19 /* parseblock.cpp in Sources */ = {isa = PBXBuildFile; fileRef = F8508D6003AD9BF301A8000A /* parseblock.cpp */; };
		00938F9E108A53BE0009CF19 /* readfile.cpp in Sources */ = {isa = PBXBuildFile; fileRef = F8508D6203AD9BF301A8000A /* readfile.cpp */; };
		00938F9F108A53BE0009CF19 /* util.cpp in Sources */ = {isa = PBXBuildFile; fileRef = F8508D6403AD9BF301A8000A /* util.cpp */; };
		00938FA0108A53BE0009CF19 /* vhar128.cpp in Sources */ = {isa = PBXBuildFile; fileRef = F8508D6603AD9BF301A8000A /* vhar128.cpp */; };
		00938FA1108A53BE0009CF19 /* video.cpp in Sources */ = {isa = PBXBuildFile; fileRef = F8508D6803AD9BF301A8000A /* video.cpp */; };
/* End PBXBuildFile section */

/* Begin PBXContainerItemProxy section */
		00938FBD108A53BF0009CF19 /* PBXContainerItemProxy */ = {
			isa = PBXContainerItemProxy;
			containerPortal = 0867D690FE84028FC02AAC07 /* Project object */;
			proxyType = 1;
			remoteGlobalIDString = 00938F38108A53BE0009CF19;
			remoteInfo = "Framework (Upgraded)";
		};
		00938FBF108A53BF0009CF19 /* PBXContainerItemProxy */ = {
			isa = PBXContainerItemProxy;
			containerPortal = 0867D690FE84028FC02AAC07 /* Project object */;
			proxyType = 1;
			remoteGlobalIDString = 00938F38108A53BE0009CF19;
			remoteInfo = "Framework (Upgraded)";
		};
/* End PBXContainerItemProxy section */

/* Begin PBXFileReference section */
		00938F70108A53BE0009CF19 /* Info-Framework__Upgraded_.plist */ = {isa = PBXFileReference; lastKnownFileType = text.plist.xml; path = "Info-Framework__Upgraded_.plist"; sourceTree = "<group>"; };
		00938F71108A53BE0009CF19 /* smpeg.framework */ = {isa = PBXFileReference; explicitFileType = wrapper.framework; includeInIndex = 0; path = smpeg.framework; sourceTree = BUILT_PRODUCTS_DIR; };
		00938FA8108A53BF0009CF19 /* libsmpeg.a */ = {isa = PBXFileReference; explicitFileType = archive.ar; includeInIndex = 0; path = libsmpeg.a; sourceTree = BUILT_PRODUCTS_DIR; };
		00938FB1108A53BF0009CF19 /* Standard Package */ = {isa = PBXFileReference; explicitFileType = "compiled.mach-o.executable"; includeInIndex = 0; path = "Standard Package"; sourceTree = BUILT_PRODUCTS_DIR; };
		00938FBB108A53BF0009CF19 /* Devel Package */ = {isa = PBXFileReference; explicitFileType = "compiled.mach-o.executable"; includeInIndex = 0; path = "Devel Package"; sourceTree = BUILT_PRODUCTS_DIR; };
		089C1667FE841158C02AAC07 /* English */ = {isa = PBXFileReference; fileEncoding = 10; lastKnownFileType = text.plist.strings; name = English; path = English.lproj/InfoPlist.strings; sourceTree = "<group>"; };
		F8508D1703AD9BB801A8000A /* MPEG.h */ = {isa = PBXFileReference; lastKnownFileType = sourcecode.c.h; name = MPEG.h; path = ../MPEG.h; sourceTree = SOURCE_ROOT; };
		F8508D1803AD9BB801A8000A /* MPEGaction.h */ = {isa = PBXFileReference; lastKnownFileType = sourcecode.c.h; name = MPEGaction.h; path = ../MPEGaction.h; sourceTree = SOURCE_ROOT; };
		F8508D1903AD9BB801A8000A /* MPEGaudio.h */ = {isa = PBXFileReference; lastKnownFileType = sourcecode.c.h; name = MPEGaudio.h; path = ../MPEGaudio.h; sourceTree = SOURCE_ROOT; };
		F8508D1A03AD9BB801A8000A /* MPEGerror.h */ = {isa = PBXFileReference; lastKnownFileType = sourcecode.c.h; name = MPEGerror.h; path = ../MPEGerror.h; sourceTree = SOURCE_ROOT; };
		F8508D1B03AD9BB801A8000A /* MPEGfilter.h */ = {isa = PBXFileReference; lastKnownFileType = sourcecode.c.h; name = MPEGfilter.h; path = ../MPEGfilter.h; sourceTree = SOURCE_ROOT; };
		F8508D1C03AD9BB801A8000A /* MPEGlist.h */ = {isa = PBXFileReference; lastKnownFileType = sourcecode.c.h; name = MPEGlist.h; path = ../MPEGlist.h; sourceTree = SOURCE_ROOT; };
		F8508D1D03AD9BB801A8000A /* MPEGring.h */ = {isa = PBXFileReference; lastKnownFileType = sourcecode.c.h; name = MPEGring.h; path = ../MPEGring.h; sourceTree = SOURCE_ROOT; };
		F8508D1E03AD9BB801A8000A /* MPEGstream.h */ = {isa = PBXFileReference; lastKnownFileType = sourcecode.c.h; name = MPEGstream.h; path = ../MPEGstream.h; sourceTree = SOURCE_ROOT; };
		F8508D1F03AD9BB801A8000A /* MPEGsystem.h */ = {isa = PBXFileReference; lastKnownFileType = sourcecode.c.h; name = MPEGsystem.h; path = ../MPEGsystem.h; sourceTree = SOURCE_ROOT; };
		F8508D2003AD9BB801A8000A /* MPEGvideo.h */ = {isa = PBXFileReference; lastKnownFileType = sourcecode.c.h; name = MPEGvideo.h; path = ../MPEGvideo.h; sourceTree = SOURCE_ROOT; };
		F8508D2103AD9BB801A8000A /* smpeg.h */ = {isa = PBXFileReference; lastKnownFileType = sourcecode.c.h; name = smpeg.h; path = ../smpeg.h; sourceTree = SOURCE_ROOT; };
		F8508D3A03AD9BF301A8000A /* bitwindow.cpp */ = {isa = PBXFileReference; lastKnownFileType = sourcecode.cpp.cpp; path = bitwindow.cpp; sourceTree = "<group>"; };
		F8508D3C03AD9BF301A8000A /* filter.cpp */ = {isa = PBXFileReference; lastKnownFileType = sourcecode.cpp.cpp; path = filter.cpp; sourceTree = "<group>"; };
		F8508D3D03AD9BF301A8000A /* filter_2.cpp */ = {isa = PBXFileReference; lastKnownFileType = sourcecode.cpp.cpp; path = filter_2.cpp; sourceTree = "<group>"; };
		F8508D3E03AD9BF301A8000A /* hufftable.cpp */ = {isa = PBXFileReference; lastKnownFileType = sourcecode.cpp.cpp; path = hufftable.cpp; sourceTree = "<group>"; };
		F8508D4203AD9BF301A8000A /* MPEGaudio.cpp */ = {isa = PBXFileReference; lastKnownFileType = sourcecode.cpp.cpp; path = MPEGaudio.cpp; sourceTree = "<group>"; };
		F8508D4303AD9BF301A8000A /* mpeglayer1.cpp */ = {isa = PBXFileReference; lastKnownFileType = sourcecode.cpp.cpp; path = mpeglayer1.cpp; sourceTree = "<group>"; };
		F8508D4403AD9BF301A8000A /* mpeglayer2.cpp */ = {isa = PBXFileReference; lastKnownFileType = sourcecode.cpp.cpp; path = mpeglayer2.cpp; sourceTree = "<group>"; };
		F8508D4503AD9BF301A8000A /* mpeglayer3.cpp */ = {isa = PBXFileReference; lastKnownFileType = sourcecode.cpp.cpp; path = mpeglayer3.cpp; sourceTree = "<group>"; };
		F8508D4603AD9BF301A8000A /* mpegtable.cpp */ = {isa = PBXFileReference; lastKnownFileType = sourcecode.cpp.cpp; path = mpegtable.cpp; sourceTree = "<group>"; };
		F8508D4703AD9BF301A8000A /* mpegtoraw.cpp */ = {isa = PBXFileReference; lastKnownFileType = sourcecode.cpp.cpp; path = mpegtoraw.cpp; sourceTree = "<group>"; };
		F8508D4A03AD9BF301A8000A /* MPEG.cpp */ = {isa = PBXFileReference; lastKnownFileType = sourcecode.cpp.cpp; name = MPEG.cpp; path = ../MPEG.cpp; sourceTree = SOURCE_ROOT; };
		F8508D4B03AD9BF301A8000A /* MPEGfilter.c */ = {isa = PBXFileReference; lastKnownFileType = sourcecode.c.c; name = MPEGfilter.c; path = ../MPEGfilter.c; sourceTree = SOURCE_ROOT; };
		F8508D4C03AD9BF301A8000A /* MPEGlist.cpp */ = {isa = PBXFileReference; lastKnownFileType = sourcecode.cpp.cpp; name = MPEGlist.cpp; path = ../MPEGlist.cpp; sourceTree = SOURCE_ROOT; };
		F8508D4D03AD9BF301A8000A /* MPEGring.cpp */ = {isa = PBXFileReference; lastKnownFileType = sourcecode.cpp.cpp; name = MPEGring.cpp; path = ../MPEGring.cpp; sourceTree = SOURCE_ROOT; };
		F8508D4E03AD9BF301A8000A /* MPEGstream.cpp */ = {isa = PBXFileReference; lastKnownFileType = sourcecode.cpp.cpp; name = MPEGstream.cpp; path = ../MPEGstream.cpp; sourceTree = SOURCE_ROOT; };
		F8508D4F03AD9BF301A8000A /* MPEGsystem.cpp */ = {isa = PBXFileReference; lastKnownFileType = sourcecode.cpp.cpp; name = MPEGsystem.cpp; path = ../MPEGsystem.cpp; sourceTree = SOURCE_ROOT; };
		F8508D5003AD9BF301A8000A /* smpeg.cpp */ = {isa = PBXFileReference; lastKnownFileType = sourcecode.cpp.cpp; name = smpeg.cpp; path = ../smpeg.cpp; sourceTree = SOURCE_ROOT; };
		F8508D5303AD9BF301A8000A /* decoders.cpp */ = {isa = PBXFileReference; lastKnownFileType = sourcecode.cpp.cpp; path = decoders.cpp; sourceTree = "<group>"; };
		F8508D5403AD9BF301A8000A /* decoders.h */ = {isa = PBXFileReference; lastKnownFileType = sourcecode.c.h; path = decoders.h; sourceTree = "<group>"; };
		F8508D5503AD9BF301A8000A /* dither.h */ = {isa = PBXFileReference; lastKnownFileType = sourcecode.c.h; path = dither.h; sourceTree = "<group>"; };
		F8508D5603AD9BF301A8000A /* floatdct.cpp */ = {isa = PBXFileReference; lastKnownFileType = sourcecode.cpp.cpp; path = floatdct.cpp; sourceTree = "<group>"; };
		F8508D5703AD9BF301A8000A /* gdith.cpp */ = {isa = PBXFileReference; lastKnownFileType = sourcecode.cpp.cpp; path = gdith.cpp; sourceTree = "<group>"; };
		F8508D5803AD9BF301A8000A /* jrevdct.cpp */ = {isa = PBXFileReference; lastKnownFileType = sourcecode.cpp.cpp; path = jrevdct.cpp; sourceTree = "<group>"; };
		F8508D5C03AD9BF301A8000A /* mmxflags_asm.S */ = {isa = PBXFileReference; lastKnownFileType = sourcecode.asm; path = mmxflags_asm.S; sourceTree = "<group>"; };
		F8508D5D03AD9BF301A8000A /* mmxidct_asm.S */ = {isa = PBXFileReference; lastKnownFileType = sourcecode.asm; path = mmxidct_asm.S; sourceTree = "<group>"; };
		F8508D5E03AD9BF301A8000A /* motionvec.cpp */ = {isa = PBXFileReference; lastKnownFileType = sourcecode.cpp.cpp; path = motionvec.cpp; sourceTree = "<group>"; };
		F8508D5F03AD9BF301A8000A /* MPEGvideo.cpp */ = {isa = PBXFileReference; lastKnownFileType = sourcecode.cpp.cpp; path = MPEGvideo.cpp; sourceTree = "<group>"; };
		F8508D6003AD9BF301A8000A /* parseblock.cpp */ = {isa = PBXFileReference; lastKnownFileType = sourcecode.cpp.cpp; path = parseblock.cpp; sourceTree = "<group>"; };
		F8508D6103AD9BF301A8000A /* proto.h */ = {isa = PBXFileReference; lastKnownFileType = sourcecode.c.h; path = proto.h; sourceTree = "<group>"; };
		F8508D6203AD9BF301A8000A /* readfile.cpp */ = {isa = PBXFileReference; lastKnownFileType = sourcecode.cpp.cpp; path = readfile.cpp; sourceTree = "<group>"; };
		F8508D6403AD9BF301A8000A /* util.cpp */ = {isa = PBXFileReference; lastKnownFileType = sourcecode.cpp.cpp; path = util.cpp; sourceTree = "<group>"; };
		F8508D6503AD9BF301A8000A /* util.h */ = {isa = PBXFileReference; lastKnownFileType = sourcecode.c.h; path = util.h; sourceTree = "<group>"; };
		F8508D6603AD9BF301A8000A /* vhar128.cpp */ = {isa = PBXFileReference; lastKnownFileType = sourcecode.cpp.cpp; path = vhar128.cpp; sourceTree = "<group>"; };
		F8508D6703AD9BF301A8000A /* vhar128.h */ = {isa = PBXFileReference; lastKnownFileType = sourcecode.c.h; path = vhar128.h; sourceTree = "<group>"; };
		F8508D6803AD9BF301A8000A /* video.cpp */ = {isa = PBXFileReference; lastKnownFileType = sourcecode.cpp.cpp; path = video.cpp; sourceTree = "<group>"; };
		F8508D6903AD9BF301A8000A /* video.h */ = {isa = PBXFileReference; lastKnownFileType = sourcecode.c.h; path = video.h; sourceTree = "<group>"; };
		F8FDCD1303AEBE0E01A8000A /* devel-resources */ = {isa = PBXFileReference; includeInIndex = 1; lastKnownFileType = folder; name = "devel-resources"; path = "pkg-support/devel-resources"; sourceTree = SOURCE_ROOT; };
		F8FDCD1703AEBE0E01A8000A /* resources */ = {isa = PBXFileReference; includeInIndex = 1; lastKnownFileType = folder; name = resources; path = "pkg-support/resources"; sourceTree = SOURCE_ROOT; };
		F8FDCD1A03AEBE0E01A8000A /* smpeg-devel.info */ = {isa = PBXFileReference; lastKnownFileType = text; name = "smpeg-devel.info"; path = "pkg-support/smpeg-devel.info"; sourceTree = SOURCE_ROOT; };
		F8FDCD1B03AEBE0E01A8000A /* smpeg.info */ = {isa = PBXFileReference; lastKnownFileType = text; name = smpeg.info; path = "pkg-support/smpeg.info"; sourceTree = SOURCE_ROOT; };
/* End PBXFileReference section */

/* Begin PBXFrameworksBuildPhase section */
		00938F69108A53BE0009CF19 /* Frameworks */ = {
			isa = PBXFrameworksBuildPhase;
			buildActionMask = 2147483647;
			files = (
			);
			runOnlyForDeploymentPostprocessing = 0;
		};
		00938FA2108A53BE0009CF19 /* Frameworks */ = {
			isa = PBXFrameworksBuildPhase;
			buildActionMask = 2147483647;
			files = (
			);
			runOnlyForDeploymentPostprocessing = 0;
		};
/* End PBXFrameworksBuildPhase section */

/* Begin PBXGroup section */
		034768DFFF38A50411DB9C8B /* Products */ = {
			isa = PBXGroup;
			children = (
				00938F71108A53BE0009CF19 /* smpeg.framework */,
				00938FA8108A53BF0009CF19 /* libsmpeg.a */,
				00938FB1108A53BF0009CF19 /* Standard Package */,
				00938FBB108A53BF0009CF19 /* Devel Package */,
			);
			name = Products;
			sourceTree = "<group>";
		};
		0867D691FE84028FC02AAC07 /* smpeg */ = {
			isa = PBXGroup;
			children = (
				089C1666FE841158C02AAC07 /* InfoPlist.strings */,
				08FB77AEFE84172EC02AAC07 /* pkg-support */,
				089C1665FE841158C02AAC07 /* Public Headers */,
				0867D69AFE84028FC02AAC07 /* Library Source */,
				034768DFFF38A50411DB9C8B /* Products */,
				00938F70108A53BE0009CF19 /* Info-Framework__Upgraded_.plist */,
			);
			name = smpeg;
			sourceTree = "<group>";
		};
		0867D69AFE84028FC02AAC07 /* Library Source */ = {
			isa = PBXGroup;
			children = (
				F8508D3803AD9BF301A8000A /* audio */,
				F8508D4A03AD9BF301A8000A /* MPEG.cpp */,
				F8508D4B03AD9BF301A8000A /* MPEGfilter.c */,
				F8508D4C03AD9BF301A8000A /* MPEGlist.cpp */,
				F8508D4D03AD9BF301A8000A /* MPEGring.cpp */,
				F8508D4E03AD9BF301A8000A /* MPEGstream.cpp */,
				F8508D4F03AD9BF301A8000A /* MPEGsystem.cpp */,
				F8508D5003AD9BF301A8000A /* smpeg.cpp */,
				F8508D5103AD9BF301A8000A /* video */,
			);
			name = "Library Source";
			sourceTree = "<group>";
		};
		089C1665FE841158C02AAC07 /* Public Headers */ = {
			isa = PBXGroup;
			children = (
				F8508D1703AD9BB801A8000A /* MPEG.h */,
				F8508D1803AD9BB801A8000A /* MPEGaction.h */,
				F8508D1903AD9BB801A8000A /* MPEGaudio.h */,
				F8508D1A03AD9BB801A8000A /* MPEGerror.h */,
				F8508D1B03AD9BB801A8000A /* MPEGfilter.h */,
				F8508D1C03AD9BB801A8000A /* MPEGlist.h */,
				F8508D1D03AD9BB801A8000A /* MPEGring.h */,
				F8508D1E03AD9BB801A8000A /* MPEGstream.h */,
				F8508D1F03AD9BB801A8000A /* MPEGsystem.h */,
				F8508D2003AD9BB801A8000A /* MPEGvideo.h */,
				F8508D2103AD9BB801A8000A /* smpeg.h */,
			);
			name = "Public Headers";
			sourceTree = "<group>";
		};
		08FB77AEFE84172EC02AAC07 /* pkg-support */ = {
			isa = PBXGroup;
			children = (
				F8FDCD1303AEBE0E01A8000A /* devel-resources */,
				F8FDCD1703AEBE0E01A8000A /* resources */,
				F8FDCD1A03AEBE0E01A8000A /* smpeg-devel.info */,
				F8FDCD1B03AEBE0E01A8000A /* smpeg.info */,
			);
			name = "pkg-support";
			sourceTree = "<group>";
		};
		F8508D3803AD9BF301A8000A /* audio */ = {
			isa = PBXGroup;
			children = (
				F8508D3A03AD9BF301A8000A /* bitwindow.cpp */,
				F8508D3C03AD9BF301A8000A /* filter.cpp */,
				F8508D3D03AD9BF301A8000A /* filter_2.cpp */,
				F8508D3E03AD9BF301A8000A /* hufftable.cpp */,
				F8508D4203AD9BF301A8000A /* MPEGaudio.cpp */,
				F8508D4303AD9BF301A8000A /* mpeglayer1.cpp */,
				F8508D4403AD9BF301A8000A /* mpeglayer2.cpp */,
				F8508D4503AD9BF301A8000A /* mpeglayer3.cpp */,
				F8508D4603AD9BF301A8000A /* mpegtable.cpp */,
				F8508D4703AD9BF301A8000A /* mpegtoraw.cpp */,
			);
			name = audio;
			path = ../audio;
			sourceTree = SOURCE_ROOT;
		};
		F8508D5103AD9BF301A8000A /* video */ = {
			isa = PBXGroup;
			children = (
				F8508D5303AD9BF301A8000A /* decoders.cpp */,
				F8508D5403AD9BF301A8000A /* decoders.h */,
				F8508D5503AD9BF301A8000A /* dither.h */,
				F8508D5603AD9BF301A8000A /* floatdct.cpp */,
				F8508D5703AD9BF301A8000A /* gdith.cpp */,
				F8508D5803AD9BF301A8000A /* jrevdct.cpp */,
				F8508D5C03AD9BF301A8000A /* mmxflags_asm.S */,
				F8508D5D03AD9BF301A8000A /* mmxidct_asm.S */,
				F8508D5E03AD9BF301A8000A /* motionvec.cpp */,
				F8508D5F03AD9BF301A8000A /* MPEGvideo.cpp */,
				F8508D6003AD9BF301A8000A /* parseblock.cpp */,
				F8508D6103AD9BF301A8000A /* proto.h */,
				F8508D6203AD9BF301A8000A /* readfile.cpp */,
				F8508D6403AD9BF301A8000A /* util.cpp */,
				F8508D6503AD9BF301A8000A /* util.h */,
				F8508D6603AD9BF301A8000A /* vhar128.cpp */,
				F8508D6703AD9BF301A8000A /* vhar128.h */,
				F8508D6803AD9BF301A8000A /* video.cpp */,
				F8508D6903AD9BF301A8000A /* video.h */,
			);
			name = video;
			path = ../video;
			sourceTree = SOURCE_ROOT;
		};
/* End PBXGroup section */

/* Begin PBXHeadersBuildPhase section */
		00938F39108A53BE0009CF19 /* Headers */ = {
			isa = PBXHeadersBuildPhase;
			buildActionMask = 2147483647;
			files = (
				00938F3A108A53BE0009CF19 /* MPEG.h in Headers */,
				00938F3B108A53BE0009CF19 /* MPEGaction.h in Headers */,
				00938F3C108A53BE0009CF19 /* MPEGaudio.h in Headers */,
				00938F3D108A53BE0009CF19 /* MPEGerror.h in Headers */,
				00938F3E108A53BE0009CF19 /* MPEGfilter.h in Headers */,
				00938F3F108A53BE0009CF19 /* MPEGlist.h in Headers */,
				00938F40108A53BE0009CF19 /* MPEGring.h in Headers */,
				00938F41108A53BE0009CF19 /* MPEGstream.h in Headers */,
				00938F42108A53BE0009CF19 /* MPEGsystem.h in Headers */,
				00938F43108A53BE0009CF19 /* MPEGvideo.h in Headers */,
				00938F44108A53BE0009CF19 /* smpeg.h in Headers */,
				00938F45108A53BE0009CF19 /* decoders.h in Headers */,
				00938F46108A53BE0009CF19 /* dither.h in Headers */,
				00938F47108A53BE0009CF19 /* proto.h in Headers */,
				00938F48108A53BE0009CF19 /* util.h in Headers */,
				00938F49108A53BE0009CF19 /* vhar128.h in Headers */,
				00938F4A108A53BE0009CF19 /* video.h in Headers */,
			);
			runOnlyForDeploymentPostprocessing = 0;
		};
		00938F73108A53BE0009CF19 /* Headers */ = {
			isa = PBXHeadersBuildPhase;
			buildActionMask = 2147483647;
			files = (
				00938F74108A53BE0009CF19 /* MPEG.h in Headers */,
				00938F75108A53BE0009CF19 /* MPEGaction.h in Headers */,
				00938F76108A53BE0009CF19 /* MPEGaudio.h in Headers */,
				00938F77108A53BE0009CF19 /* MPEGerror.h in Headers */,
				00938F78108A53BE0009CF19 /* MPEGfilter.h in Headers */,
				00938F79108A53BE0009CF19 /* MPEGlist.h in Headers */,
				00938F7A108A53BE0009CF19 /* MPEGring.h in Headers */,
				00938F7B108A53BE0009CF19 /* MPEGstream.h in Headers */,
				00938F7C108A53BE0009CF19 /* MPEGsystem.h in Headers */,
				00938F7D108A53BE0009CF19 /* MPEGvideo.h in Headers */,
				00938F7E108A53BE0009CF19 /* smpeg.h in Headers */,
				00938F7F108A53BE0009CF19 /* decoders.h in Headers */,
				00938F80108A53BE0009CF19 /* dither.h in Headers */,
				00938F81108A53BE0009CF19 /* proto.h in Headers */,
				00938F82108A53BE0009CF19 /* util.h in Headers */,
				00938F83108A53BE0009CF19 /* vhar128.h in Headers */,
				00938F84108A53BE0009CF19 /* video.h in Headers */,
			);
			runOnlyForDeploymentPostprocessing = 0;
		};
/* End PBXHeadersBuildPhase section */

/* Begin PBXNativeTarget section */
		00938F38108A53BE0009CF19 /* Framework (Upgraded) */ = {
			isa = PBXNativeTarget;
			buildConfigurationList = 00938F6C108A53BE0009CF19 /* Build configuration list for PBXNativeTarget "Framework (Upgraded)" */;
			buildPhases = (
				00938F39108A53BE0009CF19 /* Headers */,
				00938F4B108A53BE0009CF19 /* Resources */,
				00938F4C108A53BE0009CF19 /* Sources */,
				00938F69108A53BE0009CF19 /* Frameworks */,
				00938F6A108A53BE0009CF19 /* Rez */,
				00938F6B108A53BE0009CF19 /* ShellScript */,
			);
			buildRules = (
			);
			dependencies = (
			);
			name = "Framework (Upgraded)";
			productInstallPath = "$(HOME)/Library/Frameworks";
			productName = smpeg;
			productReference = 00938F71108A53BE0009CF19 /* smpeg.framework */;
			productType = "com.apple.product-type.framework";
		};
		00938F72108A53BE0009CF19 /* Static Library (Upgraded) */ = {
			isa = PBXNativeTarget;
			buildConfigurationList = 00938FA4108A53BE0009CF19 /* Build configuration list for PBXNativeTarget "Static Library (Upgraded)" */;
			buildPhases = (
				00938F73108A53BE0009CF19 /* Headers */,
				00938F85108A53BE0009CF19 /* Sources */,
				00938FA2108A53BE0009CF19 /* Frameworks */,
				00938FA3108A53BE0009CF19 /* Rez */,
			);
			buildRules = (
			);
			dependencies = (
			);
			name = "Static Library (Upgraded)";
			productInstallPath = /usr/local/lib;
			productName = "Static Library";
			productReference = 00938FA8108A53BF0009CF19 /* libsmpeg.a */;
			productType = "com.apple.product-type.library.static";
		};
		00938FA9108A53BF0009CF19 /* Standard Package (Upgraded) */ = {
			isa = PBXNativeTarget;
			buildConfigurationList = 00938FAD108A53BF0009CF19 /* Build configuration list for PBXNativeTarget "Standard Package (Upgraded)" */;
			buildPhases = (
				00938FAC108A53BF0009CF19 /* ShellScript */,
			);
			buildRules = (
			);
			dependencies = (
				00938FBE108A53BF0009CF19 /* PBXTargetDependency */,
			);
			name = "Standard Package (Upgraded)";
			productInstallPath = /usr/local/bin;
			productName = "Standard Package";
			productReference = 00938FB1108A53BF0009CF19 /* Standard Package */;
			productType = "com.apple.product-type.tool";
		};
		00938FB3108A53BF0009CF19 /* Devel Package (Upgraded) */ = {
			isa = PBXNativeTarget;
			buildConfigurationList = 00938FB7108A53BF0009CF19 /* Build configuration list for PBXNativeTarget "Devel Package (Upgraded)" */;
			buildPhases = (
				00938FB6108A53BF0009CF19 /* ShellScript */,
			);
			buildRules = (
			);
			dependencies = (
				00938FC0108A53BF0009CF19 /* PBXTargetDependency */,
			);
			name = "Devel Package (Upgraded)";
			productInstallPath = /usr/local/bin;
			productName = "Devel Package";
			productReference = 00938FBB108A53BF0009CF19 /* Devel Package */;
			productType = "com.apple.product-type.tool";
		};
/* End PBXNativeTarget section */

/* Begin PBXProject section */
		0867D690FE84028FC02AAC07 /* Project object */ = {
			isa = PBXProject;
			buildConfigurationList = 004970A70D062079007EA356 /* Build configuration list for PBXProject "smpeg" */;
			compatibilityVersion = "Xcode 3.0";
			developmentRegion = English;
			hasScannedForEncodings = 0;
			knownRegions = (
				English,
				Japanese,
				French,
				German,
			);
			mainGroup = 0867D691FE84028FC02AAC07 /* smpeg */;
			productRefGroup = 034768DFFF38A50411DB9C8B /* Products */;
			projectDirPath = "";
			projectRoot = "";
			targets = (
				00938F38108A53BE0009CF19 /* Framework (Upgraded) */,
				00938F72108A53BE0009CF19 /* Static Library (Upgraded) */,
				00938FA9108A53BF0009CF19 /* Standard Package (Upgraded) */,
				00938FB3108A53BF0009CF19 /* Devel Package (Upgraded) */,
			);
		};
/* End PBXProject section */

/* Begin PBXResourcesBuildPhase section */
		00938F4B108A53BE0009CF19 /* Resources */ = {
			isa = PBXResourcesBuildPhase;
			buildActionMask = 2147483647;
			files = (
			);
			runOnlyForDeploymentPostprocessing = 0;
		};
/* End PBXResourcesBuildPhase section */

/* Begin PBXRezBuildPhase section */
		00938F6A108A53BE0009CF19 /* Rez */ = {
			isa = PBXRezBuildPhase;
			buildActionMask = 2147483647;
			files = (
			);
			runOnlyForDeploymentPostprocessing = 0;
		};
		00938FA3108A53BE0009CF19 /* Rez */ = {
			isa = PBXRezBuildPhase;
			buildActionMask = 2147483647;
			files = (
			);
			runOnlyForDeploymentPostprocessing = 0;
		};
/* End PBXRezBuildPhase section */

/* Begin PBXShellScriptBuildPhase section */
		00938F6B108A53BE0009CF19 /* ShellScript */ = {
			isa = PBXShellScriptBuildPhase;
			buildActionMask = 8;
			files = (
			);
			runOnlyForDeploymentPostprocessing = 1;
			shellPath = /bin/sh;
			shellScript = "# make frameworks directory if it doesn't already exist\nmkdir -p ~/Library/Frameworks\n# delete the old framework\nrm -rf ~/Library/Frameworks/smpeg.framework\n# copy framework to its home\n/Developer/Tools/CpMac -r build/smepg.framework ~/Library/Frameworks/smpeg.framework\n# precompile header for speedier compiles\n/usr/bin/cc -I $HOME/Library/Frameworks/smpeg.framework/Headers -precomp ~/Library/Frameworks/smpeg.framework/Headers/smpeg.h -o ~/Library/Frameworks/smpeg.framework/Headers/smpeg.p \n";
		};
		00938FAC108A53BF0009CF19 /* ShellScript */ = {
			isa = PBXShellScriptBuildPhase;
			buildActionMask = 2147483647;
			files = (
			);
			runOnlyForDeploymentPostprocessing = 0;
			shellPath = /bin/sh;
			shellScript = "exec ./pkg-support/mkpackage.sh \"smpeg\" \"standard\"";
		};
		00938FB6108A53BF0009CF19 /* ShellScript */ = {
			isa = PBXShellScriptBuildPhase;
			buildActionMask = 2147483647;
			files = (
			);
			runOnlyForDeploymentPostprocessing = 0;
			shellPath = /bin/sh;
			shellScript = "exec ./pkg-support/mkpackage.sh \"smpeg\" \"devel\"";
		};
/* End PBXShellScriptBuildPhase section */

/* Begin PBXSourcesBuildPhase section */
		00938F4C108A53BE0009CF19 /* Sources */ = {
			isa = PBXSourcesBuildPhase;
			buildActionMask = 2147483647;
			files = (
				00938F4D108A53BE0009CF19 /* bitwindow.cpp in Sources */,
				00938F4E108A53BE0009CF19 /* filter.cpp in Sources */,
				00938F4F108A53BE0009CF19 /* filter_2.cpp in Sources */,
				00938F50108A53BE0009CF19 /* hufftable.cpp in Sources */,
				00938F51108A53BE0009CF19 /* MPEGaudio.cpp in Sources */,
				00938F52108A53BE0009CF19 /* mpeglayer1.cpp in Sources */,
				00938F53108A53BE0009CF19 /* mpeglayer2.cpp in Sources */,
				00938F54108A53BE0009CF19 /* mpeglayer3.cpp in Sources */,
				00938F55108A53BE0009CF19 /* mpegtable.cpp in Sources */,
				00938F56108A53BE0009CF19 /* mpegtoraw.cpp in Sources */,
				00938F57108A53BE0009CF19 /* MPEG.cpp in Sources */,
				00938F58108A53BE0009CF19 /* MPEGfilter.c in Sources */,
				00938F59108A53BE0009CF19 /* MPEGlist.cpp in Sources */,
				00938F5A108A53BE0009CF19 /* MPEGring.cpp in Sources */,
				00938F5B108A53BE0009CF19 /* MPEGstream.cpp in Sources */,
				00938F5C108A53BE0009CF19 /* MPEGsystem.cpp in Sources */,
				00938F5D108A53BE0009CF19 /* smpeg.cpp in Sources */,
				00938F5E108A53BE0009CF19 /* decoders.cpp in Sources */,
				00938F5F108A53BE0009CF19 /* floatdct.cpp in Sources */,
				00938F60108A53BE0009CF19 /* gdith.cpp in Sources */,
				00938F61108A53BE0009CF19 /* jrevdct.cpp in Sources */,
				00938F62108A53BE0009CF19 /* motionvec.cpp in Sources */,
				00938F63108A53BE0009CF19 /* MPEGvideo.cpp in Sources */,
				00938F64108A53BE0009CF19 /* parseblock.cpp in Sources */,
				00938F65108A53BE0009CF19 /* readfile.cpp in Sources */,
				00938F66108A53BE0009CF19 /* util.cpp in Sources */,
				00938F67108A53BE0009CF19 /* vhar128.cpp in Sources */,
				00938F68108A53BE0009CF19 /* video.cpp in Sources */,
			);
			runOnlyForDeploymentPostprocessing = 0;
		};
		00938F85108A53BE0009CF19 /* Sources */ = {
			isa = PBXSourcesBuildPhase;
			buildActionMask = 2147483647;
			files = (
				00938F86108A53BE0009CF19 /* bitwindow.cpp in Sources */,
				00938F87108A53BE0009CF19 /* filter.cpp in Sources */,
				00938F88108A53BE0009CF19 /* filter_2.cpp in Sources */,
				00938F89108A53BE0009CF19 /* hufftable.cpp in Sources */,
				00938F8A108A53BE0009CF19 /* MPEGaudio.cpp in Sources */,
				00938F8B108A53BE0009CF19 /* mpeglayer1.cpp in Sources */,
				00938F8C108A53BE0009CF19 /* mpeglayer2.cpp in Sources */,
				00938F8D108A53BE0009CF19 /* mpeglayer3.cpp in Sources */,
				00938F8E108A53BE0009CF19 /* mpegtable.cpp in Sources */,
				00938F8F108A53BE0009CF19 /* mpegtoraw.cpp in Sources */,
				00938F90108A53BE0009CF19 /* MPEG.cpp in Sources */,
				00938F91108A53BE0009CF19 /* MPEGfilter.c in Sources */,
				00938F92108A53BE0009CF19 /* MPEGlist.cpp in Sources */,
				00938F93108A53BE0009CF19 /* MPEGring.cpp in Sources */,
				00938F94108A53BE0009CF19 /* MPEGstream.cpp in Sources */,
				00938F95108A53BE0009CF19 /* MPEGsystem.cpp in Sources */,
				00938F96108A53BE0009CF19 /* smpeg.cpp in Sources */,
				00938F97108A53BE0009CF19 /* decoders.cpp in Sources */,
				00938F98108A53BE0009CF19 /* floatdct.cpp in Sources */,
				00938F99108A53BE0009CF19 /* gdith.cpp in Sources */,
				00938F9A108A53BE0009CF19 /* jrevdct.cpp in Sources */,
				00938F9B108A53BE0009CF19 /* motionvec.cpp in Sources */,
				00938F9C108A53BE0009CF19 /* MPEGvideo.cpp in Sources */,
				00938F9D108A53BE0009CF19 /* parseblock.cpp in Sources */,
				00938F9E108A53BE0009CF19 /* readfile.cpp in Sources */,
				00938F9F108A53BE0009CF19 /* util.cpp in Sources */,
				00938FA0108A53BE0009CF19 /* vhar128.cpp in Sources */,
				00938FA1108A53BE0009CF19 /* video.cpp in Sources */,
			);
			runOnlyForDeploymentPostprocessing = 0;
		};
/* End PBXSourcesBuildPhase section */

/* Begin PBXTargetDependency section */
		00938FBE108A53BF0009CF19 /* PBXTargetDependency */ = {
			isa = PBXTargetDependency;
			target = 00938F38108A53BE0009CF19 /* Framework (Upgraded) */;
			targetProxy = 00938FBD108A53BF0009CF19 /* PBXContainerItemProxy */;
		};
		00938FC0108A53BF0009CF19 /* PBXTargetDependency */ = {
			isa = PBXTargetDependency;
			target = 00938F38108A53BE0009CF19 /* Framework (Upgraded) */;
			targetProxy = 00938FBF108A53BF0009CF19 /* PBXContainerItemProxy */;
		};
/* End PBXTargetDependency section */

/* Begin PBXVariantGroup section */
		089C1666FE841158C02AAC07 /* InfoPlist.strings */ = {
			isa = PBXVariantGroup;
			children = (
				089C1667FE841158C02AAC07 /* English */,
			);
			name = InfoPlist.strings;
			sourceTree = "<group>";
		};
/* End PBXVariantGroup section */

/* Begin XCBuildConfiguration section */
		004970980D062079007EA356 /* Debug */ = {
			isa = XCBuildConfiguration;
			buildSettings = {
				ARCHS = "$(ARCHS_STANDARD_32_64_BIT_PRE_XCODE_3_1)";
				ARCHS_STANDARD_32_64_BIT_PRE_XCODE_3_1 = "x86_64 i386 ppc";
				DEBUG_INFORMATION_FORMAT = dwarf;
				FRAMEWORK_SEARCH_PATHS = (
					"\"$(HOME)/Library/Frameworks/\"",
					"\"/Library/Frameworks/\"",
				);
				GCC_VERSION = 4.0;
				"GCC_VERSION[arch=x86_64]" = 4.2;
				HEADER_SEARCH_PATHS = (
					"\"$(HOME)/Library/Frameworks/SDL.framework/Headers\"",
					"\"/Library/Frameworks/SDL.framework/Headers\"",
				);
				SDKROOT = "$(DEVELOPER_SDK_DIR)/MacOSX10.5.sdk";
				"SDKROOT[arch=x86_64]" = "$(DEVELOPER_SDK_DIR)/MacOSX10.6.sdk";
			};
			name = Debug;
		};
		004970990D062079007EA356 /* Release */ = {
			isa = XCBuildConfiguration;
			buildSettings = {
				ARCHS = "$(ARCHS_STANDARD_32_64_BIT_PRE_XCODE_3_1)";
				ARCHS_STANDARD_32_64_BIT_PRE_XCODE_3_1 = "x86_64 i386 ppc";
				FRAMEWORK_SEARCH_PATHS = (
					"\"$(HOME)/Library/Frameworks/\"",
					"\"/Library/Frameworks/\"",
				);
				GCC_VERSION = 4.0;
				"GCC_VERSION[arch=x86_64]" = 4.2;
				HEADER_SEARCH_PATHS = (
					"\"$(HOME)/Library/Frameworks/SDL.framework/Headers\"",
					"\"/Library/Frameworks/SDL.framework/Headers\"",
				);
				SDKROOT = "$(DEVELOPER_SDK_DIR)/MacOSX10.4u.sdk";
				"SDKROOT[arch=x86_64]" = "$(DEVELOPER_SDK_DIR)/MacOSX10.6.sdk";
			};
			name = Release;
		};
		0049709A0D062079007EA356 /* Default */ = {
			isa = XCBuildConfiguration;
			buildSettings = {
				ARCHS = "$(ARCHS_STANDARD_32_64_BIT_PRE_XCODE_3_1)";
				ARCHS_STANDARD_32_64_BIT_PRE_XCODE_3_1 = "x86_64 i386 ppc";
				FRAMEWORK_SEARCH_PATHS = (
					"\"$(HOME)/Library/Frameworks/\"",
					"\"/Library/Frameworks/\"",
				);
				GCC_VERSION = 4.0;
				"GCC_VERSION[arch=x86_64]" = 4.2;
				HEADER_SEARCH_PATHS = (
					"\"$(HOME)/Library/Frameworks/SDL.framework/Headers\"",
					"\"/Library/Frameworks/SDL.framework/Headers\"",
				);
				SDKROOT = "$(DEVELOPER_SDK_DIR)/MacOSX10.4u.sdk";
				"SDKROOT[arch=x86_64]" = "$(DEVELOPER_SDK_DIR)/MacOSX10.6.sdk";
			};
			name = Default;
		};
		00938F6D108A53BE0009CF19 /* Debug */ = {
			isa = XCBuildConfiguration;
			buildSettings = {
				COPY_PHASE_STRIP = NO;
				DYLIB_COMPATIBILITY_VERSION = 1;
				DYLIB_CURRENT_VERSION = 1;
				FRAMEWORK_VERSION = A;
				GCC_DYNAMIC_NO_PIC = NO;
				GCC_ENABLE_FIX_AND_CONTINUE = YES;
				GCC_GENERATE_DEBUGGING_SYMBOLS = NO;
				GCC_OPTIMIZATION_LEVEL = 0;
				GCC_PREPROCESSOR_DEFINITIONS = (
					THREADED_AUDIO,
					NOCONTROLS,
					NDEBUG,
				);
				GCC_SYMBOLS_PRIVATE_EXTERN = YES;
				INFOPLIST_FILE = "Info-Framework__Upgraded_.plist";
				INSTALL_PATH = "@executable_path/../Frameworks";
				OTHER_CFLAGS = "";
				OTHER_LDFLAGS = (
					"-headerpad_max_install_names",
					"-framework",
					SDL,
				);
				PRODUCT_NAME = smpeg;
				SECTORDER_FLAGS = "";
				WARNING_CFLAGS = (
					"-Wmost",
					"-Wno-four-char-constants",
					"-Wno-unknown-pragmas",
				);
				WRAPPER_EXTENSION = framework;
				ZERO_LINK = YES;
			};
			name = Debug;
		};
		00938F6E108A53BE0009CF19 /* Release */ = {
			isa = XCBuildConfiguration;
			buildSettings = {
				COPY_PHASE_STRIP = YES;
				DYLIB_COMPATIBILITY_VERSION = 1;
				DYLIB_CURRENT_VERSION = 1;
				FRAMEWORK_VERSION = A;
				GCC_ENABLE_FIX_AND_CONTINUE = NO;
				GCC_GENERATE_DEBUGGING_SYMBOLS = NO;
				GCC_OPTIMIZATION_LEVEL = 3;
				GCC_PREPROCESSOR_DEFINITIONS = (
					THREADED_AUDIO,
					NOCONTROLS,
					NDEBUG,
				);
				GCC_SYMBOLS_PRIVATE_EXTERN = YES;
				INFOPLIST_FILE = "Info-Framework__Upgraded_.plist";
				INSTALL_PATH = "@executable_path/../Frameworks";
				OTHER_CFLAGS = "";
				OTHER_LDFLAGS = (
					"-headerpad_max_install_names",
					"-framework",
					SDL,
				);
				PRODUCT_NAME = smpeg;
				SECTORDER_FLAGS = "";
				WARNING_CFLAGS = (
					"-Wmost",
					"-Wno-four-char-constants",
					"-Wno-unknown-pragmas",
				);
				WRAPPER_EXTENSION = framework;
				ZERO_LINK = NO;
			};
			name = Release;
		};
		00938F6F108A53BE0009CF19 /* Default */ = {
			isa = XCBuildConfiguration;
			buildSettings = {
				DYLIB_COMPATIBILITY_VERSION = 1;
				DYLIB_CURRENT_VERSION = 1;
				FRAMEWORK_VERSION = A;
				GCC_GENERATE_DEBUGGING_SYMBOLS = NO;
				GCC_OPTIMIZATION_LEVEL = 3;
				GCC_PREPROCESSOR_DEFINITIONS = (
					THREADED_AUDIO,
					NOCONTROLS,
					NDEBUG,
				);
				GCC_SYMBOLS_PRIVATE_EXTERN = YES;
				INFOPLIST_FILE = "Info-Framework__Upgraded_.plist";
				INSTALL_PATH = "@executable_path/../Frameworks";
				OTHER_CFLAGS = "";
				OTHER_LDFLAGS = (
					"-headerpad_max_install_names",
					"-framework",
					SDL,
				);
				PRODUCT_NAME = smpeg;
				SECTORDER_FLAGS = "";
				WARNING_CFLAGS = (
					"-Wmost",
					"-Wno-four-char-constants",
					"-Wno-unknown-pragmas",
				);
				WRAPPER_EXTENSION = framework;
			};
			name = Default;
		};
		00938FA5108A53BE0009CF19 /* Debug */ = {
			isa = XCBuildConfiguration;
			buildSettings = {
				COPY_PHASE_STRIP = NO;
				DYLIB_COMPATIBILITY_VERSION = 1;
				DYLIB_CURRENT_VERSION = 1;
				GCC_DYNAMIC_NO_PIC = NO;
				GCC_ENABLE_FIX_AND_CONTINUE = YES;
				GCC_GENERATE_DEBUGGING_SYMBOLS = YES;
				GCC_OPTIMIZATION_LEVEL = 0;
				GCC_PREPROCESSOR_DEFINITIONS = (
					THREADED_AUDIO,
					NOCONTROLS,
				);
				LIBRARY_STYLE = STATIC;
				OTHER_CFLAGS = "";
				OTHER_LDFLAGS = (
					"-framework",
					SDL,
				);
				OTHER_LIBTOOL_FLAGS = "";
				OTHER_REZFLAGS = "";
				PRODUCT_NAME = smpeg;
				REZ_EXECUTABLE = YES;
				SECTORDER_FLAGS = "";
				WARNING_CFLAGS = (
					"-Wmost",
					"-Wno-four-char-constants",
					"-Wno-unknown-pragmas",
				);
				ZERO_LINK = YES;
			};
			name = Debug;
		};
		00938FA6108A53BE0009CF19 /* Release */ = {
			isa = XCBuildConfiguration;
			buildSettings = {
				COPY_PHASE_STRIP = YES;
				DYLIB_COMPATIBILITY_VERSION = 1;
				DYLIB_CURRENT_VERSION = 1;
				GCC_ENABLE_FIX_AND_CONTINUE = NO;
				GCC_PREPROCESSOR_DEFINITIONS = (
					THREADED_AUDIO,
					NOCONTROLS,
				);
				LIBRARY_STYLE = STATIC;
				OTHER_CFLAGS = "";
				OTHER_LDFLAGS = (
					"-framework",
					SDL,
				);
				OTHER_LIBTOOL_FLAGS = "";
				OTHER_REZFLAGS = "";
				PRODUCT_NAME = smpeg;
				REZ_EXECUTABLE = YES;
				SECTORDER_FLAGS = "";
				WARNING_CFLAGS = (
					"-Wmost",
					"-Wno-four-char-constants",
					"-Wno-unknown-pragmas",
				);
				ZERO_LINK = NO;
			};
			name = Release;
		};
		00938FA7108A53BE0009CF19 /* Default */ = {
			isa = XCBuildConfiguration;
			buildSettings = {
				DYLIB_COMPATIBILITY_VERSION = 1;
				DYLIB_CURRENT_VERSION = 1;
				GCC_PREPROCESSOR_DEFINITIONS = (
					THREADED_AUDIO,
					NOCONTROLS,
				);
				LIBRARY_STYLE = STATIC;
				OTHER_CFLAGS = "";
				OTHER_LDFLAGS = (
					"-framework",
					SDL,
				);
				OTHER_LIBTOOL_FLAGS = "";
				OTHER_REZFLAGS = "";
				PRODUCT_NAME = smpeg;
				REZ_EXECUTABLE = YES;
				SECTORDER_FLAGS = "";
				WARNING_CFLAGS = (
					"-Wmost",
					"-Wno-four-char-constants",
					"-Wno-unknown-pragmas",
				);
			};
			name = Default;
		};
		00938FAE108A53BF0009CF19 /* Debug */ = {
			isa = XCBuildConfiguration;
			buildSettings = {
				COPY_PHASE_STRIP = NO;
				GCC_DYNAMIC_NO_PIC = NO;
				GCC_ENABLE_FIX_AND_CONTINUE = YES;
				GCC_GENERATE_DEBUGGING_SYMBOLS = YES;
				GCC_OPTIMIZATION_LEVEL = 0;
				OTHER_CFLAGS = "";
				OTHER_LDFLAGS = "";
				OTHER_REZFLAGS = "";
				PRODUCT_NAME = "Standard Package";
				REZ_EXECUTABLE = YES;
				SECTORDER_FLAGS = "";
				WARNING_CFLAGS = (
					"-Wmost",
					"-Wno-four-char-constants",
					"-Wno-unknown-pragmas",
				);
				ZERO_LINK = YES;
			};
			name = Debug;
		};
		00938FAF108A53BF0009CF19 /* Release */ = {
			isa = XCBuildConfiguration;
			buildSettings = {
				COPY_PHASE_STRIP = YES;
				GCC_ENABLE_FIX_AND_CONTINUE = NO;
				OTHER_CFLAGS = "";
				OTHER_LDFLAGS = "";
				OTHER_REZFLAGS = "";
				PRODUCT_NAME = "Standard Package";
				REZ_EXECUTABLE = YES;
				SECTORDER_FLAGS = "";
				WARNING_CFLAGS = (
					"-Wmost",
					"-Wno-four-char-constants",
					"-Wno-unknown-pragmas",
				);
				ZERO_LINK = NO;
			};
			name = Release;
		};
		00938FB0108A53BF0009CF19 /* Default */ = {
			isa = XCBuildConfiguration;
			buildSettings = {
				OTHER_CFLAGS = "";
				OTHER_LDFLAGS = "";
				OTHER_REZFLAGS = "";
				PRODUCT_NAME = "Standard Package";
				REZ_EXECUTABLE = YES;
				SECTORDER_FLAGS = "";
				WARNING_CFLAGS = (
					"-Wmost",
					"-Wno-four-char-constants",
					"-Wno-unknown-pragmas",
				);
			};
			name = Default;
		};
		00938FB8108A53BF0009CF19 /* Debug */ = {
			isa = XCBuildConfiguration;
			buildSettings = {
				COPY_PHASE_STRIP = NO;
				GCC_DYNAMIC_NO_PIC = NO;
				GCC_ENABLE_FIX_AND_CONTINUE = YES;
				GCC_GENERATE_DEBUGGING_SYMBOLS = YES;
				GCC_OPTIMIZATION_LEVEL = 0;
				OTHER_CFLAGS = "";
				OTHER_LDFLAGS = "";
				OTHER_REZFLAGS = "";
				PRODUCT_NAME = "Devel Package";
				REZ_EXECUTABLE = YES;
				SECTORDER_FLAGS = "";
				WARNING_CFLAGS = (
					"-Wmost",
					"-Wno-four-char-constants",
					"-Wno-unknown-pragmas",
				);
				ZERO_LINK = YES;
			};
			name = Debug;
		};
		00938FB9108A53BF0009CF19 /* Release */ = {
			isa = XCBuildConfiguration;
			buildSettings = {
				COPY_PHASE_STRIP = YES;
				GCC_ENABLE_FIX_AND_CONTINUE = NO;
				OTHER_CFLAGS = "";
				OTHER_LDFLAGS = "";
				OTHER_REZFLAGS = "";
				PRODUCT_NAME = "Devel Package";
				REZ_EXECUTABLE = YES;
				SECTORDER_FLAGS = "";
				WARNING_CFLAGS = (
					"-Wmost",
					"-Wno-four-char-constants",
					"-Wno-unknown-pragmas",
				);
				ZERO_LINK = NO;
			};
			name = Release;
		};
		00938FBA108A53BF0009CF19 /* Default */ = {
			isa = XCBuildConfiguration;
			buildSettings = {
				OTHER_CFLAGS = "";
				OTHER_LDFLAGS = "";
				OTHER_REZFLAGS = "";
				PRODUCT_NAME = "Devel Package";
				REZ_EXECUTABLE = YES;
				SECTORDER_FLAGS = "";
				WARNING_CFLAGS = (
					"-Wmost",
					"-Wno-four-char-constants",
					"-Wno-unknown-pragmas",
				);
			};
			name = Default;
		};
		00938FFA108A5A120009CF19 /* Release_with_loader_path_for_umbrella_framework */ = {
			isa = XCBuildConfiguration;
			buildSettings = {
				ARCHS = "$(ARCHS_STANDARD_32_64_BIT_PRE_XCODE_3_1)";
				ARCHS_STANDARD_32_64_BIT_PRE_XCODE_3_1 = "x86_64 i386 ppc";
				FRAMEWORK_SEARCH_PATHS = (
					"\"$(HOME)/Library/Frameworks/\"",
					"\"/Library/Frameworks/\"",
				);
				GCC_VERSION = 4.0;
				"GCC_VERSION[arch=x86_64]" = 4.2;
				HEADER_SEARCH_PATHS = (
					"\"$(HOME)/Library/Frameworks/SDL.framework/Headers\"",
					"\"/Library/Frameworks/SDL.framework/Headers\"",
				);
				SDKROOT = "$(DEVELOPER_SDK_DIR)/MacOSX10.4u.sdk";
				"SDKROOT[arch=x86_64]" = "$(DEVELOPER_SDK_DIR)/MacOSX10.6.sdk";
			};
			name = Release_with_loader_path_for_umbrella_framework;
		};
		00938FFB108A5A120009CF19 /* Release_with_loader_path_for_umbrella_framework */ = {
			isa = XCBuildConfiguration;
			buildSettings = {
				COPY_PHASE_STRIP = YES;
				DYLIB_COMPATIBILITY_VERSION = 1;
				DYLIB_CURRENT_VERSION = 1;
				FRAMEWORK_VERSION = A;
				GCC_ENABLE_FIX_AND_CONTINUE = NO;
				GCC_GENERATE_DEBUGGING_SYMBOLS = NO;
				GCC_OPTIMIZATION_LEVEL = 3;
				GCC_PREPROCESSOR_DEFINITIONS = (
					THREADED_AUDIO,
					NOCONTROLS,
					NDEBUG,
				);
				GCC_SYMBOLS_PRIVATE_EXTERN = YES;
				INFOPLIST_FILE = "Info-Framework__Upgraded_.plist";
				INSTALL_PATH = "@loader_path/Frameworks";
				OTHER_CFLAGS = "";
				OTHER_LDFLAGS = (
					"-headerpad_max_install_names",
					"-framework",
					SDL,
				);
				PRODUCT_NAME = smpeg;
				SECTORDER_FLAGS = "";
				WARNING_CFLAGS = (
					"-Wmost",
					"-Wno-four-char-constants",
					"-Wno-unknown-pragmas",
				);
				WRAPPER_EXTENSION = framework;
				ZERO_LINK = NO;
			};
			name = Release_with_loader_path_for_umbrella_framework;
		};
		00938FFC108A5A120009CF19 /* Release_with_loader_path_for_umbrella_framework */ = {
			isa = XCBuildConfiguration;
			buildSettings = {
				COPY_PHASE_STRIP = YES;
				DYLIB_COMPATIBILITY_VERSION = 1;
				DYLIB_CURRENT_VERSION = 1;
				GCC_ENABLE_FIX_AND_CONTINUE = NO;
				GCC_PREPROCESSOR_DEFINITIONS = (
					THREADED_AUDIO,
					NOCONTROLS,
				);
				LIBRARY_STYLE = STATIC;
				OTHER_CFLAGS = "";
				OTHER_LDFLAGS = (
					"-framework",
					SDL,
				);
				OTHER_LIBTOOL_FLAGS = "";
				OTHER_REZFLAGS = "";
				PRODUCT_NAME = smpeg;
				REZ_EXECUTABLE = YES;
				SECTORDER_FLAGS = "";
				WARNING_CFLAGS = (
					"-Wmost",
					"-Wno-four-char-constants",
					"-Wno-unknown-pragmas",
				);
				ZERO_LINK = NO;
			};
			name = Release_with_loader_path_for_umbrella_framework;
		};
		00938FFD108A5A120009CF19 /* Release_with_loader_path_for_umbrella_framework */ = {
			isa = XCBuildConfiguration;
			buildSettings = {
				COPY_PHASE_STRIP = YES;
				GCC_ENABLE_FIX_AND_CONTINUE = NO;
				OTHER_CFLAGS = "";
				OTHER_LDFLAGS = "";
				OTHER_REZFLAGS = "";
				PRODUCT_NAME = "Standard Package";
				REZ_EXECUTABLE = YES;
				SECTORDER_FLAGS = "";
				WARNING_CFLAGS = (
					"-Wmost",
					"-Wno-four-char-constants",
					"-Wno-unknown-pragmas",
				);
				ZERO_LINK = NO;
			};
			name = Release_with_loader_path_for_umbrella_framework;
		};
		00938FFE108A5A120009CF19 /* Release_with_loader_path_for_umbrella_framework */ = {
			isa = XCBuildConfiguration;
			buildSettings = {
				COPY_PHASE_STRIP = YES;
				GCC_ENABLE_FIX_AND_CONTINUE = NO;
				OTHER_CFLAGS = "";
				OTHER_LDFLAGS = "";
				OTHER_REZFLAGS = "";
				PRODUCT_NAME = "Devel Package";
				REZ_EXECUTABLE = YES;
				SECTORDER_FLAGS = "";
				WARNING_CFLAGS = (
					"-Wmost",
					"-Wno-four-char-constants",
					"-Wno-unknown-pragmas",
				);
				ZERO_LINK = NO;
			};
			name = Release_with_loader_path_for_umbrella_framework;
		};
		009390A0108A666E0009CF19 /* Debug_with_loader_path_for_umbrella_framework copy */ = {
			isa = XCBuildConfiguration;
			buildSettings = {
				ARCHS = "$(ARCHS_STANDARD_32_64_BIT_PRE_XCODE_3_1)";
				ARCHS_STANDARD_32_64_BIT_PRE_XCODE_3_1 = "x86_64 i386 ppc";
				DEBUG_INFORMATION_FORMAT = dwarf;
				FRAMEWORK_SEARCH_PATHS = (
					"\"$(HOME)/Library/Frameworks/\"",
					"\"/Library/Frameworks/\"",
				);
				GCC_OPTIMIZATION_LEVEL = 0;
				GCC_VERSION = 4.0;
				"GCC_VERSION[arch=x86_64]" = 4.2;
				HEADER_SEARCH_PATHS = (
					"\"$(HOME)/Library/Frameworks/SDL.framework/Headers\"",
					"\"/Library/Frameworks/SDL.framework/Headers\"",
				);
				SDKROOT = "$(DEVELOPER_SDK_DIR)/MacOSX10.4u.sdk";
				"SDKROOT[arch=x86_64]" = "$(DEVELOPER_SDK_DIR)/MacOSX10.6.sdk";
			};
			name = "Debug_with_loader_path_for_umbrella_framework copy";
		};
		009390A1108A666E0009CF19 /* Debug_with_loader_path_for_umbrella_framework copy */ = {
			isa = XCBuildConfiguration;
			buildSettings = {
				COPY_PHASE_STRIP = YES;
				DYLIB_COMPATIBILITY_VERSION = 1;
				DYLIB_CURRENT_VERSION = 1;
				FRAMEWORK_VERSION = A;
				GCC_ENABLE_FIX_AND_CONTINUE = NO;
				GCC_GENERATE_DEBUGGING_SYMBOLS = NO;
				GCC_OPTIMIZATION_LEVEL = 3;
				GCC_PREPROCESSOR_DEFINITIONS = (
					THREADED_AUDIO,
					NOCONTROLS,
					NDEBUG,
				);
				GCC_SYMBOLS_PRIVATE_EXTERN = YES;
				INFOPLIST_FILE = "Info-Framework__Upgraded_.plist";
				INSTALL_PATH = "@loader_path/Frameworks";
				OTHER_CFLAGS = "";
				OTHER_LDFLAGS = (
					"-headerpad_max_install_names",
					"-framework",
					SDL,
				);
				PRODUCT_NAME = smpeg;
				SECTORDER_FLAGS = "";
				WARNING_CFLAGS = (
					"-Wmost",
					"-Wno-four-char-constants",
					"-Wno-unknown-pragmas",
				);
				WRAPPER_EXTENSION = framework;
				ZERO_LINK = NO;
			};
			name = "Debug_with_loader_path_for_umbrella_framework copy";
		};
		009390A2108A666E0009CF19 /* Debug_with_loader_path_for_umbrella_framework copy */ = {
			isa = XCBuildConfiguration;
			buildSettings = {
				COPY_PHASE_STRIP = YES;
				DYLIB_COMPATIBILITY_VERSION = 1;
				DYLIB_CURRENT_VERSION = 1;
				GCC_ENABLE_FIX_AND_CONTINUE = NO;
				GCC_PREPROCESSOR_DEFINITIONS = (
					THREADED_AUDIO,
					NOCONTROLS,
				);
				LIBRARY_STYLE = STATIC;
				OTHER_CFLAGS = "";
				OTHER_LDFLAGS = (
					"-framework",
					SDL,
				);
				OTHER_LIBTOOL_FLAGS = "";
				OTHER_REZFLAGS = "";
				PRODUCT_NAME = smpeg;
				REZ_EXECUTABLE = YES;
				SECTORDER_FLAGS = "";
				WARNING_CFLAGS = (
					"-Wmost",
					"-Wno-four-char-constants",
					"-Wno-unknown-pragmas",
				);
				ZERO_LINK = NO;
			};
			name = "Debug_with_loader_path_for_umbrella_framework copy";
		};
		009390A3108A666E0009CF19 /* Debug_with_loader_path_for_umbrella_framework copy */ = {
			isa = XCBuildConfiguration;
			buildSettings = {
				COPY_PHASE_STRIP = YES;
				GCC_ENABLE_FIX_AND_CONTINUE = NO;
				OTHER_CFLAGS = "";
				OTHER_LDFLAGS = "";
				OTHER_REZFLAGS = "";
				PRODUCT_NAME = "Standard Package";
				REZ_EXECUTABLE = YES;
				SECTORDER_FLAGS = "";
				WARNING_CFLAGS = (
					"-Wmost",
					"-Wno-four-char-constants",
					"-Wno-unknown-pragmas",
				);
				ZERO_LINK = NO;
			};
			name = "Debug_with_loader_path_for_umbrella_framework copy";
		};
		009390A4108A666E0009CF19 /* Debug_with_loader_path_for_umbrella_framework copy */ = {
			isa = XCBuildConfiguration;
			buildSettings = {
				COPY_PHASE_STRIP = YES;
				GCC_ENABLE_FIX_AND_CONTINUE = NO;
				OTHER_CFLAGS = "";
				OTHER_LDFLAGS = "";
				OTHER_REZFLAGS = "";
				PRODUCT_NAME = "Devel Package";
				REZ_EXECUTABLE = YES;
				SECTORDER_FLAGS = "";
				WARNING_CFLAGS = (
					"-Wmost",
					"-Wno-four-char-constants",
					"-Wno-unknown-pragmas",
				);
				ZERO_LINK = NO;
			};
			name = "Debug_with_loader_path_for_umbrella_framework copy";
		};
/* End XCBuildConfiguration section */

/* Begin XCConfigurationList section */
		004970A70D062079007EA356 /* Build configuration list for PBXProject "smpeg" */ = {
			isa = XCConfigurationList;
			buildConfigurations = (
				004970980D062079007EA356 /* Debug */,
				004970990D062079007EA356 /* Release */,
				009390A0108A666E0009CF19 /* Debug_with_loader_path_for_umbrella_framework copy */,
				00938FFA108A5A120009CF19 /* Release_with_loader_path_for_umbrella_framework */,
				0049709A0D062079007EA356 /* Default */,
			);
			defaultConfigurationIsVisible = 0;
			defaultConfigurationName = Default;
		};
		00938F6C108A53BE0009CF19 /* Build configuration list for PBXNativeTarget "Framework (Upgraded)" */ = {
			isa = XCConfigurationList;
			buildConfigurations = (
				00938F6D108A53BE0009CF19 /* Debug */,
				00938F6E108A53BE0009CF19 /* Release */,
				009390A1108A666E0009CF19 /* Debug_with_loader_path_for_umbrella_framework copy */,
				00938FFB108A5A120009CF19 /* Release_with_loader_path_for_umbrella_framework */,
				00938F6F108A53BE0009CF19 /* Default */,
			);
			defaultConfigurationIsVisible = 0;
			defaultConfigurationName = Default;
		};
		00938FA4108A53BE0009CF19 /* Build configuration list for PBXNativeTarget "Static Library (Upgraded)" */ = {
			isa = XCConfigurationList;
			buildConfigurations = (
				00938FA5108A53BE0009CF19 /* Debug */,
				00938FA6108A53BE0009CF19 /* Release */,
				009390A2108A666E0009CF19 /* Debug_with_loader_path_for_umbrella_framework copy */,
				00938FFC108A5A120009CF19 /* Release_with_loader_path_for_umbrella_framework */,
				00938FA7108A53BE0009CF19 /* Default */,
			);
			defaultConfigurationIsVisible = 0;
			defaultConfigurationName = Default;
		};
		00938FAD108A53BF0009CF19 /* Build configuration list for PBXNativeTarget "Standard Package (Upgraded)" */ = {
			isa = XCConfigurationList;
			buildConfigurations = (
				00938FAE108A53BF0009CF19 /* Debug */,
				00938FAF108A53BF0009CF19 /* Release */,
				009390A3108A666E0009CF19 /* Debug_with_loader_path_for_umbrella_framework copy */,
				00938FFD108A5A120009CF19 /* Release_with_loader_path_for_umbrella_framework */,
				00938FB0108A53BF0009CF19 /* Default */,
			);
			defaultConfigurationIsVisible = 0;
			defaultConfigurationName = Default;
		};
		00938FB7108A53BF0009CF19 /* Build configuration list for PBXNativeTarget "Devel Package (Upgraded)" */ = {
			isa = XCConfigurationList;
			buildConfigurations = (
				00938FB8108A53BF0009CF19 /* Debug */,
				00938FB9108A53BF0009CF19 /* Release */,
				009390A4108A666E0009CF19 /* Debug_with_loader_path_for_umbrella_framework copy */,
				00938FFE108A5A120009CF19 /* Release_with_loader_path_for_umbrella_framework */,
				00938FBA108A53BF0009CF19 /* Default */,
			);
			defaultConfigurationIsVisible = 0;
			defaultConfigurationName = Default;
		};
/* End XCConfigurationList section */
	};
	rootObject = 0867D690FE84028FC02AAC07 /* Project object */;
}
