<?xml version="1.0" encoding="utf-8"?>
<Project ToolsVersion="4.0" xmlns="http://schemas.microsoft.com/developer/msbuild/2003">
  <ItemGroup>
    <Filter Include="Source Files">
      <UniqueIdentifier>{4FC737F1-C7A5-4376-A066-2A32D752A2FF}</UniqueIdentifier>
      <Extensions>cpp;c;cc;cxx;def;odl;idl;hpj;bat;asm;asmx</Extensions>
    </Filter>
    <Filter Include="Header Files">
      <UniqueIdentifier>{93995380-89BD-4b04-88EB-625FBE52EBFB}</UniqueIdentifier>
      <Extensions>h;hpp;hxx;hm;inl;inc;xsd;i</Extensions>
    </Filter>
    <Filter Include="Resource Files">
      <UniqueIdentifier>{67DA6AB6-F800-4c08-8B7A-83BB121AAD01}</UniqueIdentifier>
      <Extensions>rc;ico;cur;bmp;dlg;rc2;rct;bin;rgs;gif;jpg;jpeg;jpe;resx;tiff;tif;png;wav</Extensions>
    </Filter>
    <Filter Include="ai">
      <UniqueIdentifier>{efdee2f8-5378-4b3f-854e-b4f2e86a3c10}</UniqueIdentifier>
    </Filter>
    <Filter Include="ai\default">
      <UniqueIdentifier>{fbaa6fa8-12ca-418c-a582-30c74e6b3554}</UniqueIdentifier>
    </Filter>
    <Filter Include="editor">
      <UniqueIdentifier>{84adebc4-dc32-445a-a667-2b9adf570633}</UniqueIdentifier>
    </Filter>
    <Filter Include="gui">
      <UniqueIdentifier>{6d4c0419-84c4-4862-b980-335c94932be3}</UniqueIdentifier>
    </Filter>
    <Filter Include="gui\dialogs">
      <UniqueIdentifier>{ccdff628-9d0a-4450-87f1-443dbc469ee6}</UniqueIdentifier>
    </Filter>
    <Filter Include="gui\dialogs\lobby">
      <UniqueIdentifier>{924e3782-ba14-45f2-b47f-b74d624c3c9d}</UniqueIdentifier>
    </Filter>
    <Filter Include="pathfind">
      <UniqueIdentifier>{8cd88846-e1a2-46ea-8ad8-64692006b811}</UniqueIdentifier>
    </Filter>
    <Filter Include="scripting">
      <UniqueIdentifier>{66a63457-7c10-4af3-9d15-bb6bbfc575e5}</UniqueIdentifier>
    </Filter>
  </ItemGroup>
  <ItemGroup>
    <ClCompile Include="..\..\kingdom\about.cpp">
      <Filter>Source Files</Filter>
    </ClCompile>
    <ClCompile Include="..\..\kingdom\actions.cpp">
      <Filter>Source Files</Filter>
    </ClCompile>
    <ClCompile Include="..\..\kingdom\artifical.cpp">
      <Filter>Source Files</Filter>
    </ClCompile>
    <ClCompile Include="..\..\kingdom\attack_prediction.cpp">
      <Filter>Source Files</Filter>
    </ClCompile>
    <ClCompile Include="..\..\kingdom\boilerplate-header.cpp">
      <Filter>Source Files</Filter>
    </ClCompile>
    <ClCompile Include="..\..\kingdom\card.cpp">
      <Filter>Source Files</Filter>
    </ClCompile>
    <ClCompile Include="..\..\kingdom\cavegen.cpp">
      <Filter>Source Files</Filter>
    </ClCompile>
    <ClCompile Include="..\..\kingdom\dialogs.cpp">
      <Filter>Source Files</Filter>
    </ClCompile>
    <ClCompile Include="..\..\kingdom\game.cpp">
      <Filter>Source Files</Filter>
    </ClCompile>
    <ClCompile Include="..\..\kingdom\game_display.cpp">
      <Filter>Source Files</Filter>
    </ClCompile>
    <ClCompile Include="..\..\kingdom\game_errors.cpp">
      <Filter>Source Files</Filter>
    </ClCompile>
    <ClCompile Include="..\..\kingdom\game_events.cpp">
      <Filter>Source Files</Filter>
    </ClCompile>
    <ClCompile Include="..\..\kingdom\game_preferences.cpp">
      <Filter>Source Files</Filter>
    </ClCompile>
    <ClCompile Include="..\..\kingdom\game_preferences_display.cpp">
      <Filter>Source Files</Filter>
    </ClCompile>
    <ClCompile Include="..\..\kingdom\gamestatus.cpp">
      <Filter>Source Files</Filter>
    </ClCompile>
    <ClCompile Include="..\..\kingdom\generate_report.cpp">
      <Filter>Source Files</Filter>
    </ClCompile>
    <ClCompile Include="..\..\kingdom\hash.cpp">
      <Filter>Source Files</Filter>
    </ClCompile>
    <ClCompile Include="..\..\kingdom\hero.cpp">
      <Filter>Source Files</Filter>
    </ClCompile>
    <ClCompile Include="..\..\kingdom\lobby_preferences.cpp">
      <Filter>Source Files</Filter>
    </ClCompile>
    <ClCompile Include="..\..\kingdom\map_create.cpp">
      <Filter>Source Files</Filter>
    </ClCompile>
    <ClCompile Include="..\..\kingdom\mapgen.cpp">
      <Filter>Source Files</Filter>
    </ClCompile>
    <ClCompile Include="..\..\kingdom\mapgen_dialog.cpp">
      <Filter>Source Files</Filter>
    </ClCompile>
    <ClCompile Include="..\..\kingdom\md5.cpp">
      <Filter>Source Files</Filter>
    </ClCompile>
    <ClCompile Include="..\..\kingdom\menu_events.cpp">
      <Filter>Source Files</Filter>
    </ClCompile>
    <ClCompile Include="..\..\kingdom\mouse_events.cpp">
      <Filter>Source Files</Filter>
    </ClCompile>
    <ClCompile Include="..\..\kingdom\mp_game_settings.cpp">
      <Filter>Source Files</Filter>
    </ClCompile>
    <ClCompile Include="..\..\kingdom\multiplayer.cpp">
      <Filter>Source Files</Filter>
    </ClCompile>
    <ClCompile Include="..\..\kingdom\pathutils.cpp">
      <Filter>Source Files</Filter>
    </ClCompile>
    <ClCompile Include="..\..\kingdom\persist_context.cpp">
      <Filter>Source Files</Filter>
    </ClCompile>
    <ClCompile Include="..\..\kingdom\persist_manager.cpp">
      <Filter>Source Files</Filter>
    </ClCompile>
    <ClCompile Include="..\..\kingdom\persist_var.cpp">
      <Filter>Source Files</Filter>
    </ClCompile>
    <ClCompile Include="..\..\kingdom\play_controller.cpp">
      <Filter>Source Files</Filter>
    </ClCompile>
    <ClCompile Include="..\..\kingdom\playcampaign.cpp">
      <Filter>Source Files</Filter>
    </ClCompile>
    <ClCompile Include="..\..\kingdom\playmp_controller.cpp">
      <Filter>Source Files</Filter>
    </ClCompile>
    <ClCompile Include="..\..\kingdom\playsingle_controller.cpp">
      <Filter>Source Files</Filter>
    </ClCompile>
    <ClCompile Include="..\..\kingdom\playturn.cpp">
      <Filter>Source Files</Filter>
    </ClCompile>
    <ClCompile Include="..\..\kingdom\replay.cpp">
      <Filter>Source Files</Filter>
    </ClCompile>
    <ClCompile Include="..\..\kingdom\replay_controller.cpp">
      <Filter>Source Files</Filter>
    </ClCompile>
    <ClCompile Include="..\..\kingdom\resources.cpp">
      <Filter>Source Files</Filter>
    </ClCompile>
    <ClCompile Include="..\..\kingdom\save_blocker.cpp">
      <Filter>Source Files</Filter>
    </ClCompile>
    <ClCompile Include="..\..\kingdom\savegame.cpp">
      <Filter>Source Files</Filter>
    </ClCompile>
    <ClCompile Include="..\..\kingdom\savegame_config.cpp">
      <Filter>Source Files</Filter>
    </ClCompile>
    <ClCompile Include="..\..\kingdom\settings.cpp">
      <Filter>Source Files</Filter>
    </ClCompile>
    <ClCompile Include="..\..\kingdom\side_filter.cpp">
      <Filter>Source Files</Filter>
    </ClCompile>
    <ClCompile Include="..\..\kingdom\soundsource.cpp">
      <Filter>Source Files</Filter>
    </ClCompile>
    <ClCompile Include="..\..\kingdom\statistics.cpp">
      <Filter>Source Files</Filter>
    </ClCompile>
    <ClCompile Include="..\..\kingdom\team.cpp">
      <Filter>Source Files</Filter>
    </ClCompile>
    <ClCompile Include="..\..\kingdom\terrain_filter.cpp">
      <Filter>Source Files</Filter>
    </ClCompile>
    <ClCompile Include="..\..\kingdom\tod_manager.cpp">
      <Filter>Source Files</Filter>
    </ClCompile>
    <ClCompile Include="..\..\kingdom\unit.cpp">
      <Filter>Source Files</Filter>
    </ClCompile>
    <ClCompile Include="..\..\kingdom\unit_abilities.cpp">
      <Filter>Source Files</Filter>
    </ClCompile>
    <ClCompile Include="..\..\kingdom\unit_animation.cpp">
      <Filter>Source Files</Filter>
    </ClCompile>
    <ClCompile Include="..\..\kingdom\unit_display.cpp">
      <Filter>Source Files</Filter>
    </ClCompile>
    <ClCompile Include="..\..\kingdom\unit_helper.cpp">
      <Filter>Source Files</Filter>
    </ClCompile>
    <ClCompile Include="..\..\kingdom\unit_id.cpp">
      <Filter>Source Files</Filter>
    </ClCompile>
    <ClCompile Include="..\..\kingdom\unit_map.cpp">
      <Filter>Source Files</Filter>
    </ClCompile>
    <ClCompile Include="..\..\kingdom\unit_types.cpp">
      <Filter>Source Files</Filter>
    </ClCompile>
    <ClCompile Include="..\..\kingdom\variable.cpp">
      <Filter>Source Files</Filter>
    </ClCompile>
    <ClCompile Include="..\..\kingdom\ai\configuration.cpp">
      <Filter>ai</Filter>
    </ClCompile>
    <ClCompile Include="..\..\kingdom\ai\game_info.cpp">
      <Filter>ai</Filter>
    </ClCompile>
    <ClCompile Include="..\..\kingdom\ai\manager.cpp">
      <Filter>ai</Filter>
    </ClCompile>
    <ClCompile Include="..\..\kingdom\ai\default\ai.cpp">
      <Filter>ai\default</Filter>
    </ClCompile>
    <ClCompile Include="..\..\kingdom\ai\default\attack.cpp">
      <Filter>ai\default</Filter>
    </ClCompile>
    <ClCompile Include="..\..\kingdom\editor\action.cpp">
      <Filter>editor</Filter>
    </ClCompile>
    <ClCompile Include="..\..\kingdom\editor\brush.cpp">
      <Filter>editor</Filter>
    </ClCompile>
    <ClCompile Include="..\..\kingdom\editor\editor_controller.cpp">
      <Filter>editor</Filter>
    </ClCompile>
    <ClCompile Include="..\..\kingdom\editor\editor_display.cpp">
      <Filter>editor</Filter>
    </ClCompile>
    <ClCompile Include="..\..\kingdom\editor\editor_main.cpp">
      <Filter>editor</Filter>
    </ClCompile>
    <ClCompile Include="..\..\kingdom\editor\editor_map.cpp">
      <Filter>editor</Filter>
    </ClCompile>
    <ClCompile Include="..\..\kingdom\editor\editor_palettes.cpp">
      <Filter>editor</Filter>
    </ClCompile>
    <ClCompile Include="..\..\kingdom\editor\editor_preferences.cpp">
      <Filter>editor</Filter>
    </ClCompile>
    <ClCompile Include="..\..\kingdom\editor\map_context.cpp">
      <Filter>editor</Filter>
    </ClCompile>
    <ClCompile Include="..\..\kingdom\editor\map_fragment.cpp">
      <Filter>editor</Filter>
    </ClCompile>
    <ClCompile Include="..\..\kingdom\editor\mouse_action.cpp">
      <Filter>editor</Filter>
    </ClCompile>
    <ClCompile Include="..\..\kingdom\gui\dialogs\alipay.cpp">
      <Filter>gui\dialogs</Filter>
    </ClCompile>
    <ClCompile Include="..\..\kingdom\gui\dialogs\artifical_list.cpp">
      <Filter>gui\dialogs</Filter>
    </ClCompile>
    <ClCompile Include="..\..\kingdom\gui\dialogs\auto_scroll.cpp">
      <Filter>gui\dialogs</Filter>
    </ClCompile>
    <ClCompile Include="..\..\kingdom\gui\dialogs\book2.cpp">
      <Filter>gui\dialogs</Filter>
    </ClCompile>
    <ClCompile Include="..\..\kingdom\gui\dialogs\build_ea.cpp">
      <Filter>gui\dialogs</Filter>
    </ClCompile>
    <ClCompile Include="..\..\kingdom\gui\dialogs\camp_armory.cpp">
      <Filter>gui\dialogs</Filter>
    </ClCompile>
    <ClCompile Include="..\..\kingdom\gui\dialogs\campaign_selection.cpp">
      <Filter>gui\dialogs</Filter>
    </ClCompile>
    <ClCompile Include="..\..\kingdom\gui\dialogs\city_list.cpp">
      <Filter>gui\dialogs</Filter>
    </ClCompile>
    <ClCompile Include="..\..\kingdom\gui\dialogs\create_hero.cpp">
      <Filter>gui\dialogs</Filter>
    </ClCompile>
    <ClCompile Include="..\..\kingdom\gui\dialogs\duel.cpp">
      <Filter>gui\dialogs</Filter>
    </ClCompile>
    <ClCompile Include="..\..\kingdom\gui\dialogs\editor_generate_map.cpp">
      <Filter>gui\dialogs</Filter>
    </ClCompile>
    <ClCompile Include="..\..\kingdom\gui\dialogs\editor_new_map.cpp">
      <Filter>gui\dialogs</Filter>
    </ClCompile>
    <ClCompile Include="..\..\kingdom\gui\dialogs\editor_resize_map.cpp">
      <Filter>gui\dialogs</Filter>
    </ClCompile>
    <ClCompile Include="..\..\kingdom\gui\dialogs\editor_settings.cpp">
      <Filter>gui\dialogs</Filter>
    </ClCompile>
    <ClCompile Include="..\..\kingdom\gui\dialogs\employ.cpp">
      <Filter>gui\dialogs</Filter>
    </ClCompile>
    <ClCompile Include="..\..\kingdom\gui\dialogs\exchange.cpp">
      <Filter>gui\dialogs</Filter>
    </ClCompile>
    <ClCompile Include="..\..\kingdom\gui\dialogs\exile.cpp">
      <Filter>gui\dialogs</Filter>
    </ClCompile>
    <ClCompile Include="..\..\kingdom\gui\dialogs\expedite.cpp">
      <Filter>gui\dialogs</Filter>
    </ClCompile>
    <ClCompile Include="..\..\kingdom\gui\dialogs\final_battle.cpp">
      <Filter>gui\dialogs</Filter>
    </ClCompile>
    <ClCompile Include="..\..\kingdom\gui\dialogs\formation_attack.cpp">
      <Filter>gui\dialogs</Filter>
    </ClCompile>
    <ClCompile Include="..\..\kingdom\gui\dialogs\game_delete.cpp">
      <Filter>gui\dialogs</Filter>
    </ClCompile>
    <ClCompile Include="..\..\kingdom\gui\dialogs\game_load.cpp">
      <Filter>gui\dialogs</Filter>
    </ClCompile>
    <ClCompile Include="..\..\kingdom\gui\dialogs\game_save.cpp">
      <Filter>gui\dialogs</Filter>
    </ClCompile>
    <ClCompile Include="..\..\kingdom\gui\dialogs\group.cpp">
      <Filter>gui\dialogs</Filter>
    </ClCompile>
    <ClCompile Include="..\..\kingdom\gui\dialogs\help_screen.cpp">
      <Filter>gui\dialogs</Filter>
    </ClCompile>
    <ClCompile Include="..\..\kingdom\gui\dialogs\hero.cpp">
      <Filter>gui\dialogs</Filter>
    </ClCompile>
    <ClCompile Include="..\..\kingdom\gui\dialogs\hero_list.cpp">
      <Filter>gui\dialogs</Filter>
    </ClCompile>
    <ClCompile Include="..\..\kingdom\gui\dialogs\hero_selection.cpp">
      <Filter>gui\dialogs</Filter>
    </ClCompile>
    <ClCompile Include="..\..\kingdom\gui\dialogs\inapp_purchase.cpp">
      <Filter>gui\dialogs</Filter>
    </ClCompile>
    <ClCompile Include="..\..\kingdom\gui\dialogs\independence.cpp">
      <Filter>gui\dialogs</Filter>
    </ClCompile>
    <ClCompile Include="..\..\kingdom\gui\dialogs\interior.cpp">
      <Filter>gui\dialogs</Filter>
    </ClCompile>
    <ClCompile Include="..\..\kingdom\gui\dialogs\list.cpp">
      <Filter>gui\dialogs</Filter>
    </ClCompile>
    <ClCompile Include="..\..\kingdom\gui\dialogs\lobby_main.cpp">
      <Filter>gui\dialogs</Filter>
    </ClCompile>
    <ClCompile Include="..\..\kingdom\gui\dialogs\map_generator.cpp">
      <Filter>gui\dialogs</Filter>
    </ClCompile>
    <ClCompile Include="..\..\kingdom\gui\dialogs\move_hero.cpp">
      <Filter>gui\dialogs</Filter>
    </ClCompile>
    <ClCompile Include="..\..\kingdom\gui\dialogs\mp_cmd_wrapper.cpp">
      <Filter>gui\dialogs</Filter>
    </ClCompile>
    <ClCompile Include="..\..\kingdom\gui\dialogs\mp_connect.cpp">
      <Filter>gui\dialogs</Filter>
    </ClCompile>
    <ClCompile Include="..\..\kingdom\gui\dialogs\mp_create_game.cpp">
      <Filter>gui\dialogs</Filter>
    </ClCompile>
    <ClCompile Include="..\..\kingdom\gui\dialogs\mp_create_game_set_password.cpp">
      <Filter>gui\dialogs</Filter>
    </ClCompile>
    <ClCompile Include="..\..\kingdom\gui\dialogs\mp_method_selection.cpp">
      <Filter>gui\dialogs</Filter>
    </ClCompile>
    <ClCompile Include="..\..\kingdom\gui\dialogs\mp_side_creator.cpp">
      <Filter>gui\dialogs</Filter>
    </ClCompile>
    <ClCompile Include="..\..\kingdom\gui\dialogs\mp_side_wait.cpp">
      <Filter>gui\dialogs</Filter>
    </ClCompile>
    <ClCompile Include="..\..\kingdom\gui\dialogs\noble.cpp">
      <Filter>gui\dialogs</Filter>
    </ClCompile>
    <ClCompile Include="..\..\kingdom\gui\dialogs\noble_list.cpp">
      <Filter>gui\dialogs</Filter>
    </ClCompile>
    <ClCompile Include="..\..\kingdom\gui\dialogs\personnel.cpp">
      <Filter>gui\dialogs</Filter>
    </ClCompile>
    <ClCompile Include="..\..\kingdom\gui\dialogs\play_card.cpp">
      <Filter>gui\dialogs</Filter>
    </ClCompile>
    <ClCompile Include="..\..\kingdom\gui\dialogs\player_city.cpp">
      <Filter>gui\dialogs</Filter>
    </ClCompile>
    <ClCompile Include="..\..\kingdom\gui\dialogs\player_selection.cpp">
      <Filter>gui\dialogs</Filter>
    </ClCompile>
    <ClCompile Include="..\..\kingdom\gui\dialogs\preferences.cpp">
      <Filter>gui\dialogs</Filter>
    </ClCompile>
    <ClCompile Include="..\..\kingdom\gui\dialogs\prelude.cpp">
      <Filter>gui\dialogs</Filter>
    </ClCompile>
    <ClCompile Include="..\..\kingdom\gui\dialogs\random_map.cpp">
      <Filter>gui\dialogs</Filter>
    </ClCompile>
    <ClCompile Include="..\..\kingdom\gui\dialogs\recruit.cpp">
      <Filter>gui\dialogs</Filter>
    </ClCompile>
    <ClCompile Include="..\..\kingdom\gui\dialogs\rpg_detail.cpp">
      <Filter>gui\dialogs</Filter>
    </ClCompile>
    <ClCompile Include="..\..\kingdom\gui\dialogs\select_unit.cpp">
      <Filter>gui\dialogs</Filter>
    </ClCompile>
    <ClCompile Include="..\..\kingdom\gui\dialogs\send_message.cpp">
      <Filter>gui\dialogs</Filter>
    </ClCompile>
    <ClCompile Include="..\..\kingdom\gui\dialogs\side_list.cpp">
      <Filter>gui\dialogs</Filter>
    </ClCompile>
    <ClCompile Include="..\..\kingdom\gui\dialogs\side_report.cpp">
      <Filter>gui\dialogs</Filter>
    </ClCompile>
    <ClCompile Include="..\..\kingdom\gui\dialogs\siege_tent.cpp">
      <Filter>gui\dialogs</Filter>
    </ClCompile>
    <ClCompile Include="..\..\kingdom\gui\dialogs\signin.cpp">
      <Filter>gui\dialogs</Filter>
    </ClCompile>
    <ClCompile Include="..\..\kingdom\gui\dialogs\square.cpp">
      <Filter>gui\dialogs</Filter>
    </ClCompile>
    <ClCompile Include="..\..\kingdom\gui\dialogs\strategy_list.cpp">
      <Filter>gui\dialogs</Filter>
    </ClCompile>
    <ClCompile Include="..\..\kingdom\gui\dialogs\subcontinent.cpp">
      <Filter>gui\dialogs</Filter>
    </ClCompile>
    <ClCompile Include="..\..\kingdom\gui\dialogs\tactic.cpp">
      <Filter>gui\dialogs</Filter>
    </ClCompile>
    <ClCompile Include="..\..\kingdom\gui\dialogs\technology_tree.cpp">
      <Filter>gui\dialogs</Filter>
    </ClCompile>
    <ClCompile Include="..\..\kingdom\gui\dialogs\tent.cpp">
      <Filter>gui\dialogs</Filter>
    </ClCompile>
    <ClCompile Include="..\..\kingdom\gui\dialogs\theme2.cpp">
      <Filter>gui\dialogs</Filter>
    </ClCompile>
    <ClCompile Include="..\..\kingdom\gui\dialogs\title_screen.cpp">
      <Filter>gui\dialogs</Filter>
    </ClCompile>
    <ClCompile Include="..\..\kingdom\gui\dialogs\tower_tent.cpp">
      <Filter>gui\dialogs</Filter>
    </ClCompile>
    <ClCompile Include="..\..\kingdom\gui\dialogs\treasure.cpp">
      <Filter>gui\dialogs</Filter>
    </ClCompile>
    <ClCompile Include="..\..\kingdom\gui\dialogs\treasure_list.cpp">
      <Filter>gui\dialogs</Filter>
    </ClCompile>
    <ClCompile Include="..\..\kingdom\gui\dialogs\troop_detail.cpp">
      <Filter>gui\dialogs</Filter>
    </ClCompile>
    <ClCompile Include="..\..\kingdom\gui\dialogs\troop_list.cpp">
      <Filter>gui\dialogs</Filter>
    </ClCompile>
    <ClCompile Include="..\..\kingdom\gui\dialogs\troop_selection.cpp">
      <Filter>gui\dialogs</Filter>
    </ClCompile>
    <ClCompile Include="..\..\kingdom\gui\dialogs\unit_attack.cpp">
      <Filter>gui\dialogs</Filter>
    </ClCompile>
    <ClCompile Include="..\..\kingdom\gui\dialogs\unit_create.cpp">
      <Filter>gui\dialogs</Filter>
    </ClCompile>
    <ClCompile Include="..\..\kingdom\gui\dialogs\unit_detail.cpp">
      <Filter>gui\dialogs</Filter>
    </ClCompile>
    <ClCompile Include="..\..\kingdom\gui\dialogs\unit_merit.cpp">
      <Filter>gui\dialogs</Filter>
    </ClCompile>
    <ClCompile Include="..\..\kingdom\gui\dialogs\user_message.cpp">
      <Filter>gui\dialogs</Filter>
    </ClCompile>
    <ClCompile Include="..\..\kingdom\gui\dialogs\user_report.cpp">
      <Filter>gui\dialogs</Filter>
    </ClCompile>
    <ClCompile Include="..\..\kingdom\gui\dialogs\lobby\lobby_data.cpp">
      <Filter>gui\dialogs\lobby</Filter>
    </ClCompile>
    <ClCompile Include="..\..\kingdom\gui\dialogs\lobby\lobby_info.cpp">
      <Filter>gui\dialogs\lobby</Filter>
    </ClCompile>
    <ClCompile Include="..\..\kingdom\pathfind\astarsearch.cpp">
      <Filter>pathfind</Filter>
    </ClCompile>
    <ClCompile Include="..\..\kingdom\pathfind\pathfind.cpp">
      <Filter>pathfind</Filter>
    </ClCompile>
    <ClCompile Include="..\..\kingdom\scripting\debug_lua.cpp">
      <Filter>scripting</Filter>
    </ClCompile>
    <ClCompile Include="..\..\kingdom\scripting\lua.cpp">
      <Filter>scripting</Filter>
    </ClCompile>
    <ClCompile Include="..\..\kingdom\game_config.cpp">
      <Filter>Source Files</Filter>
    </ClCompile>
  </ItemGroup>
  <ItemGroup>
    <ClInclude Include="..\..\kingdom\about.hpp">
      <Filter>Header Files</Filter>
    </ClInclude>
    <ClInclude Include="..\..\kingdom\actions.hpp">
      <Filter>Header Files</Filter>
    </ClInclude>
    <ClInclude Include="..\..\kingdom\artifical.hpp">
      <Filter>Header Files</Filter>
    </ClInclude>
    <ClInclude Include="..\..\kingdom\attack_prediction.hpp">
      <Filter>Header Files</Filter>
    </ClInclude>
    <ClInclude Include="..\..\kingdom\card.hpp">
      <Filter>Header Files</Filter>
    </ClInclude>
    <ClInclude Include="..\..\kingdom\cavegen.hpp">
      <Filter>Header Files</Filter>
    </ClInclude>
    <ClInclude Include="..\..\kingdom\dialogs.hpp">
      <Filter>Header Files</Filter>
    </ClInclude>
    <ClInclude Include="..\..\kingdom\game_display.hpp">
      <Filter>Header Files</Filter>
    </ClInclude>
    <ClInclude Include="..\..\kingdom\game_events.hpp">
      <Filter>Header Files</Filter>
    </ClInclude>
    <ClInclude Include="..\..\kingdom\game_preferences.hpp">
      <Filter>Header Files</Filter>
    </ClInclude>
    <ClInclude Include="..\..\kingdom\gamestatus.hpp">
      <Filter>Header Files</Filter>
    </ClInclude>
    <ClInclude Include="..\..\kingdom\hash.hpp">
      <Filter>Header Files</Filter>
    </ClInclude>
    <ClInclude Include="..\..\kingdom\lobby_preferences.hpp">
      <Filter>Header Files</Filter>
    </ClInclude>
    <ClInclude Include="..\..\kingdom\map_create.hpp">
      <Filter>Header Files</Filter>
    </ClInclude>
    <ClInclude Include="..\..\kingdom\mapgen.hpp">
      <Filter>Header Files</Filter>
    </ClInclude>
    <ClInclude Include="..\..\kingdom\mapgen_dialog.hpp">
      <Filter>Header Files</Filter>
    </ClInclude>
    <ClInclude Include="..\..\kingdom\md5.hpp">
      <Filter>Header Files</Filter>
    </ClInclude>
    <ClInclude Include="..\..\kingdom\menu_events.hpp">
      <Filter>Header Files</Filter>
    </ClInclude>
    <ClInclude Include="..\..\kingdom\mouse_events.hpp">
      <Filter>Header Files</Filter>
    </ClInclude>
    <ClInclude Include="..\..\kingdom\mp_game_settings.hpp">
      <Filter>Header Files</Filter>
    </ClInclude>
    <ClInclude Include="..\..\kingdom\multiplayer.hpp">
      <Filter>Header Files</Filter>
    </ClInclude>
    <ClInclude Include="..\..\kingdom\pathutils.hpp">
      <Filter>Header Files</Filter>
    </ClInclude>
    <ClInclude Include="..\..\kingdom\persist_context.hpp">
      <Filter>Header Files</Filter>
    </ClInclude>
    <ClInclude Include="..\..\kingdom\persist_manager.hpp">
      <Filter>Header Files</Filter>
    </ClInclude>
    <ClInclude Include="..\..\kingdom\persist_var.hpp">
      <Filter>Header Files</Filter>
    </ClInclude>
    <ClInclude Include="..\..\kingdom\play_controller.hpp">
      <Filter>Header Files</Filter>
    </ClInclude>
    <ClInclude Include="..\..\kingdom\playcampaign.hpp">
      <Filter>Header Files</Filter>
    </ClInclude>
    <ClInclude Include="..\..\kingdom\playmp_controller.hpp">
      <Filter>Header Files</Filter>
    </ClInclude>
    <ClInclude Include="..\..\kingdom\playsingle_controller.hpp">
      <Filter>Header Files</Filter>
    </ClInclude>
    <ClInclude Include="..\..\kingdom\playturn.hpp">
      <Filter>Header Files</Filter>
    </ClInclude>
    <ClInclude Include="..\..\kingdom\replay.hpp">
      <Filter>Header Files</Filter>
    </ClInclude>
    <ClInclude Include="..\..\kingdom\replay_controller.hpp">
      <Filter>Header Files</Filter>
    </ClInclude>
    <ClInclude Include="resource.h">
      <Filter>Header Files</Filter>
    </ClInclude>
    <ClInclude Include="..\..\kingdom\resources.hpp">
      <Filter>Header Files</Filter>
    </ClInclude>
    <ClInclude Include="..\..\kingdom\save_blocker.hpp">
      <Filter>Header Files</Filter>
    </ClInclude>
    <ClInclude Include="..\..\kingdom\savegame.hpp">
      <Filter>Header Files</Filter>
    </ClInclude>
    <ClInclude Include="..\..\kingdom\savegame_config.hpp">
      <Filter>Header Files</Filter>
    </ClInclude>
    <ClInclude Include="..\..\kingdom\settings.hpp">
      <Filter>Header Files</Filter>
    </ClInclude>
    <ClInclude Include="..\..\kingdom\side_filter.hpp">
      <Filter>Header Files</Filter>
    </ClInclude>
    <ClInclude Include="..\..\kingdom\soundsource.hpp">
      <Filter>Header Files</Filter>
    </ClInclude>
    <ClInclude Include="..\..\kingdom\statistics.hpp">
      <Filter>Header Files</Filter>
    </ClInclude>
    <ClInclude Include="..\..\kingdom\team.hpp">
      <Filter>Header Files</Filter>
    </ClInclude>
    <ClInclude Include="..\..\kingdom\terrain_filter.hpp">
      <Filter>Header Files</Filter>
    </ClInclude>
    <ClInclude Include="..\..\kingdom\tod_manager.hpp">
      <Filter>Header Files</Filter>
    </ClInclude>
    <ClInclude Include="..\..\kingdom\unit.hpp">
      <Filter>Header Files</Filter>
    </ClInclude>
    <ClInclude Include="..\..\kingdom\unit_abilities.hpp">
      <Filter>Header Files</Filter>
    </ClInclude>
    <ClInclude Include="..\..\kingdom\unit_animation.hpp">
      <Filter>Header Files</Filter>
    </ClInclude>
    <ClInclude Include="..\..\kingdom\unit_display.hpp">
      <Filter>Header Files</Filter>
    </ClInclude>
    <ClInclude Include="..\..\kingdom\unit_helper.hpp">
      <Filter>Header Files</Filter>
    </ClInclude>
    <ClInclude Include="..\..\kingdom\unit_id.hpp">
      <Filter>Header Files</Filter>
    </ClInclude>
    <ClInclude Include="..\..\kingdom\unit_map.hpp">
      <Filter>Header Files</Filter>
    </ClInclude>
    <ClInclude Include="..\..\kingdom\unit_types.hpp">
      <Filter>Header Files</Filter>
    </ClInclude>
    <ClInclude Include="..\..\kingdom\variable.hpp">
      <Filter>Header Files</Filter>
    </ClInclude>
    <ClInclude Include="..\..\kingdom\ai\configuration.hpp">
      <Filter>ai</Filter>
    </ClInclude>
    <ClInclude Include="..\..\kingdom\ai\game_info.hpp">
      <Filter>ai</Filter>
    </ClInclude>
    <ClInclude Include="..\..\kingdom\ai\interface.hpp">
      <Filter>ai</Filter>
    </ClInclude>
    <ClInclude Include="..\..\kingdom\ai\manager.hpp">
      <Filter>ai</Filter>
    </ClInclude>
    <ClInclude Include="..\..\kingdom\ai\default\ai.hpp">
      <Filter>ai\default</Filter>
    </ClInclude>
    <ClInclude Include="..\..\kingdom\ai\default\attack.hpp">
      <Filter>ai\default</Filter>
    </ClInclude>
    <ClInclude Include="..\..\kingdom\editor\action.hpp">
      <Filter>editor</Filter>
    </ClInclude>
    <ClInclude Include="..\..\kingdom\editor\action_base.hpp">
      <Filter>editor</Filter>
    </ClInclude>
    <ClInclude Include="..\..\kingdom\editor\brush.hpp">
      <Filter>editor</Filter>
    </ClInclude>
    <ClInclude Include="..\..\kingdom\editor\editor_common.hpp">
      <Filter>editor</Filter>
    </ClInclude>
    <ClInclude Include="..\..\kingdom\editor\editor_controller.hpp">
      <Filter>editor</Filter>
    </ClInclude>
    <ClInclude Include="..\..\kingdom\editor\editor_display.hpp">
      <Filter>editor</Filter>
    </ClInclude>
    <ClInclude Include="..\..\kingdom\editor\editor_main.hpp">
      <Filter>editor</Filter>
    </ClInclude>
    <ClInclude Include="..\..\kingdom\editor\editor_map.hpp">
      <Filter>editor</Filter>
    </ClInclude>
    <ClInclude Include="..\..\kingdom\editor\editor_palettes.hpp">
      <Filter>editor</Filter>
    </ClInclude>
    <ClInclude Include="..\..\kingdom\editor\editor_preferences.hpp">
      <Filter>editor</Filter>
    </ClInclude>
    <ClInclude Include="..\..\kingdom\editor\map_context.hpp">
      <Filter>editor</Filter>
    </ClInclude>
    <ClInclude Include="..\..\kingdom\editor\map_fragment.hpp">
      <Filter>editor</Filter>
    </ClInclude>
    <ClInclude Include="..\..\kingdom\editor\mouse_action.hpp">
      <Filter>editor</Filter>
    </ClInclude>
    <ClInclude Include="..\..\kingdom\gui\dialogs\alipay.hpp">
      <Filter>gui\dialogs</Filter>
    </ClInclude>
    <ClInclude Include="..\..\kingdom\gui\dialogs\artifical_list.hpp">
      <Filter>gui\dialogs</Filter>
    </ClInclude>
    <ClInclude Include="..\..\kingdom\gui\dialogs\auto_scroll.hpp">
      <Filter>gui\dialogs</Filter>
    </ClInclude>
    <ClInclude Include="..\..\kingdom\gui\dialogs\book2.hpp">
      <Filter>gui\dialogs</Filter>
    </ClInclude>
    <ClInclude Include="..\..\kingdom\gui\dialogs\build_ea.hpp">
      <Filter>gui\dialogs</Filter>
    </ClInclude>
    <ClInclude Include="..\..\kingdom\gui\dialogs\camp_armory.hpp">
      <Filter>gui\dialogs</Filter>
    </ClInclude>
    <ClInclude Include="..\..\kingdom\gui\dialogs\campaign_selection.hpp">
      <Filter>gui\dialogs</Filter>
    </ClInclude>
    <ClInclude Include="..\..\kingdom\gui\dialogs\city_list.hpp">
      <Filter>gui\dialogs</Filter>
    </ClInclude>
    <ClInclude Include="..\..\kingdom\gui\dialogs\create_hero.hpp">
      <Filter>gui\dialogs</Filter>
    </ClInclude>
    <ClInclude Include="..\..\kingdom\gui\dialogs\duel.hpp">
      <Filter>gui\dialogs</Filter>
    </ClInclude>
    <ClInclude Include="..\..\kingdom\gui\dialogs\editor_generate_map.hpp">
      <Filter>gui\dialogs</Filter>
    </ClInclude>
    <ClInclude Include="..\..\kingdom\gui\dialogs\editor_new_map.hpp">
      <Filter>gui\dialogs</Filter>
    </ClInclude>
    <ClInclude Include="..\..\kingdom\gui\dialogs\editor_resize_map.hpp">
      <Filter>gui\dialogs</Filter>
    </ClInclude>
    <ClInclude Include="..\..\kingdom\gui\dialogs\editor_settings.hpp">
      <Filter>gui\dialogs</Filter>
    </ClInclude>
    <ClInclude Include="..\..\kingdom\gui\dialogs\employ.hpp">
      <Filter>gui\dialogs</Filter>
    </ClInclude>
    <ClInclude Include="..\..\kingdom\gui\dialogs\exchange.hpp">
      <Filter>gui\dialogs</Filter>
    </ClInclude>
    <ClInclude Include="..\..\kingdom\gui\dialogs\exile.hpp">
      <Filter>gui\dialogs</Filter>
    </ClInclude>
    <ClInclude Include="..\..\kingdom\gui\dialogs\expedite.hpp">
      <Filter>gui\dialogs</Filter>
    </ClInclude>
    <ClInclude Include="..\..\kingdom\gui\dialogs\final_battle.hpp">
      <Filter>gui\dialogs</Filter>
    </ClInclude>
    <ClInclude Include="..\..\kingdom\gui\dialogs\formation_attack.hpp">
      <Filter>gui\dialogs</Filter>
    </ClInclude>
    <ClInclude Include="..\..\kingdom\gui\dialogs\game_delete.hpp">
      <Filter>gui\dialogs</Filter>
    </ClInclude>
    <ClInclude Include="..\..\kingdom\gui\dialogs\game_load.hpp">
      <Filter>gui\dialogs</Filter>
    </ClInclude>
    <ClInclude Include="..\..\kingdom\gui\dialogs\game_save.hpp">
      <Filter>gui\dialogs</Filter>
    </ClInclude>
    <ClInclude Include="..\..\kingdom\gui\dialogs\group.hpp">
      <Filter>gui\dialogs</Filter>
    </ClInclude>
    <ClInclude Include="..\..\kingdom\gui\dialogs\help_screen.hpp">
      <Filter>gui\dialogs</Filter>
    </ClInclude>
    <ClInclude Include="..\..\kingdom\gui\dialogs\hero.hpp">
      <Filter>gui\dialogs</Filter>
    </ClInclude>
    <ClInclude Include="..\..\kingdom\gui\dialogs\hero_list.hpp">
      <Filter>gui\dialogs</Filter>
    </ClInclude>
    <ClInclude Include="..\..\kingdom\gui\dialogs\hero_selection.hpp">
      <Filter>gui\dialogs</Filter>
    </ClInclude>
    <ClInclude Include="..\..\kingdom\gui\dialogs\inapp_purchase.hpp">
      <Filter>gui\dialogs</Filter>
    </ClInclude>
    <ClInclude Include="..\..\kingdom\gui\dialogs\independence.hpp">
      <Filter>gui\dialogs</Filter>
    </ClInclude>
    <ClInclude Include="..\..\kingdom\gui\dialogs\interior.hpp">
      <Filter>gui\dialogs</Filter>
    </ClInclude>
    <ClInclude Include="..\..\kingdom\gui\dialogs\list.hpp">
      <Filter>gui\dialogs</Filter>
    </ClInclude>
    <ClInclude Include="..\..\kingdom\gui\dialogs\lobby_main.hpp">
      <Filter>gui\dialogs</Filter>
    </ClInclude>
    <ClInclude Include="..\..\kingdom\gui\dialogs\map_generator.hpp">
      <Filter>gui\dialogs</Filter>
    </ClInclude>
    <ClInclude Include="..\..\kingdom\gui\dialogs\move_hero.hpp">
      <Filter>gui\dialogs</Filter>
    </ClInclude>
    <ClInclude Include="..\..\kingdom\gui\dialogs\mp_cmd_wrapper.hpp">
      <Filter>gui\dialogs</Filter>
    </ClInclude>
    <ClInclude Include="..\..\kingdom\gui\dialogs\mp_connect.hpp">
      <Filter>gui\dialogs</Filter>
    </ClInclude>
    <ClInclude Include="..\..\kingdom\gui\dialogs\mp_create_game.hpp">
      <Filter>gui\dialogs</Filter>
    </ClInclude>
    <ClInclude Include="..\..\kingdom\gui\dialogs\mp_create_game_set_password.hpp">
      <Filter>gui\dialogs</Filter>
    </ClInclude>
    <ClInclude Include="..\..\kingdom\gui\dialogs\mp_method_selection.hpp">
      <Filter>gui\dialogs</Filter>
    </ClInclude>
    <ClInclude Include="..\..\kingdom\gui\dialogs\mp_side_creator.hpp">
      <Filter>gui\dialogs</Filter>
    </ClInclude>
    <ClInclude Include="..\..\kingdom\gui\dialogs\mp_side_wait.hpp">
      <Filter>gui\dialogs</Filter>
    </ClInclude>
    <ClInclude Include="..\..\kingdom\gui\dialogs\noble.hpp">
      <Filter>gui\dialogs</Filter>
    </ClInclude>
    <ClInclude Include="..\..\kingdom\gui\dialogs\noble_list.hpp">
      <Filter>gui\dialogs</Filter>
    </ClInclude>
    <ClInclude Include="..\..\kingdom\gui\dialogs\personnel.hpp">
      <Filter>gui\dialogs</Filter>
    </ClInclude>
    <ClInclude Include="..\..\kingdom\gui\dialogs\play_card.hpp">
      <Filter>gui\dialogs</Filter>
    </ClInclude>
    <ClInclude Include="..\..\kingdom\gui\dialogs\player_city.hpp">
      <Filter>gui\dialogs</Filter>
    </ClInclude>
    <ClInclude Include="..\..\kingdom\gui\dialogs\player_selection.hpp">
      <Filter>gui\dialogs</Filter>
    </ClInclude>
    <ClInclude Include="..\..\kingdom\gui\dialogs\preferences.hpp">
      <Filter>gui\dialogs</Filter>
    </ClInclude>
    <ClInclude Include="..\..\kingdom\gui\dialogs\prelude.hpp">
      <Filter>gui\dialogs</Filter>
    </ClInclude>
    <ClInclude Include="..\..\kingdom\gui\dialogs\random_map.hpp">
      <Filter>gui\dialogs</Filter>
    </ClInclude>
    <ClInclude Include="..\..\kingdom\gui\dialogs\recruit.hpp">
      <Filter>gui\dialogs</Filter>
    </ClInclude>
    <ClInclude Include="..\..\kingdom\gui\dialogs\rpg_detail.hpp">
      <Filter>gui\dialogs</Filter>
    </ClInclude>
    <ClInclude Include="..\..\kingdom\gui\dialogs\select_unit.hpp">
      <Filter>gui\dialogs</Filter>
    </ClInclude>
    <ClInclude Include="..\..\kingdom\gui\dialogs\send_message.hpp">
      <Filter>gui\dialogs</Filter>
    </ClInclude>
    <ClInclude Include="..\..\kingdom\gui\dialogs\side_list.hpp">
      <Filter>gui\dialogs</Filter>
    </ClInclude>
    <ClInclude Include="..\..\kingdom\gui\dialogs\side_report.hpp">
      <Filter>gui\dialogs</Filter>
    </ClInclude>
    <ClInclude Include="..\..\kingdom\gui\dialogs\siege_tent.hpp">
      <Filter>gui\dialogs</Filter>
    </ClInclude>
    <ClInclude Include="..\..\kingdom\gui\dialogs\signin.hpp">
      <Filter>gui\dialogs</Filter>
    </ClInclude>
    <ClInclude Include="..\..\kingdom\gui\dialogs\square.hpp">
      <Filter>gui\dialogs</Filter>
    </ClInclude>
    <ClInclude Include="..\..\kingdom\gui\dialogs\strategy_list.hpp">
      <Filter>gui\dialogs</Filter>
    </ClInclude>
    <ClInclude Include="..\..\kingdom\gui\dialogs\subcontinent.hpp">
      <Filter>gui\dialogs</Filter>
    </ClInclude>
    <ClInclude Include="..\..\kingdom\gui\dialogs\tactic.hpp">
      <Filter>gui\dialogs</Filter>
    </ClInclude>
    <ClInclude Include="..\..\kingdom\gui\dialogs\technology_tree.hpp">
      <Filter>gui\dialogs</Filter>
    </ClInclude>
    <ClInclude Include="..\..\kingdom\gui\dialogs\tent.hpp">
      <Filter>gui\dialogs</Filter>
    </ClInclude>
    <ClInclude Include="..\..\kingdom\gui\dialogs\theme2.hpp">
      <Filter>gui\dialogs</Filter>
    </ClInclude>
    <ClInclude Include="..\..\kingdom\gui\dialogs\title_screen.hpp">
      <Filter>gui\dialogs</Filter>
    </ClInclude>
    <ClInclude Include="..\..\kingdom\gui\dialogs\tower_tent.hpp">
      <Filter>gui\dialogs</Filter>
    </ClInclude>
    <ClInclude Include="..\..\kingdom\gui\dialogs\treasure.hpp">
      <Filter>gui\dialogs</Filter>
    </ClInclude>
    <ClInclude Include="..\..\kingdom\gui\dialogs\treasure_list.hpp">
      <Filter>gui\dialogs</Filter>
    </ClInclude>
    <ClInclude Include="..\..\kingdom\gui\dialogs\troop_detail.hpp">
      <Filter>gui\dialogs</Filter>
    </ClInclude>
    <ClInclude Include="..\..\kingdom\gui\dialogs\troop_list.hpp">
      <Filter>gui\dialogs</Filter>
    </ClInclude>
    <ClInclude Include="..\..\kingdom\gui\dialogs\troop_selection.hpp">
      <Filter>gui\dialogs</Filter>
    </ClInclude>
    <ClInclude Include="..\..\kingdom\gui\dialogs\unit_attack.hpp">
      <Filter>gui\dialogs</Filter>
    </ClInclude>
    <ClInclude Include="..\..\kingdom\gui\dialogs\unit_create.hpp">
      <Filter>gui\dialogs</Filter>
    </ClInclude>
    <ClInclude Include="..\..\kingdom\gui\dialogs\unit_detail.hpp">
      <Filter>gui\dialogs</Filter>
    </ClInclude>
    <ClInclude Include="..\..\kingdom\gui\dialogs\unit_merit.hpp">
      <Filter>gui\dialogs</Filter>
    </ClInclude>
    <ClInclude Include="..\..\kingdom\gui\dialogs\user_message.hpp">
      <Filter>gui\dialogs</Filter>
    </ClInclude>
    <ClInclude Include="..\..\kingdom\gui\dialogs\user_report.hpp">
      <Filter>gui\dialogs</Filter>
    </ClInclude>
    <ClInclude Include="..\..\kingdom\gui\dialogs\lobby\lobby_data.hpp">
      <Filter>gui\dialogs\lobby</Filter>
    </ClInclude>
    <ClInclude Include="..\..\kingdom\gui\dialogs\lobby\lobby_info.hpp">
      <Filter>gui\dialogs\lobby</Filter>
    </ClInclude>
    <ClInclude Include="..\..\kingdom\pathfind\pathfind.hpp">
      <Filter>pathfind</Filter>
    </ClInclude>
    <ClInclude Include="..\..\kingdom\scripting\lua.hpp">
      <Filter>scripting</Filter>
    </ClInclude>
    <ClInclude Include="..\..\kingdom\scripting\lua_api.hpp">
      <Filter>scripting</Filter>
    </ClInclude>
    <ClInclude Include="..\..\kingdom\game_config.hpp">
      <Filter>Header Files</Filter>
    </ClInclude>
  </ItemGroup>
  <ItemGroup>
    <None Include="kingdom.ico">
      <Filter>Resource Files</Filter>
    </None>
    <None Include="..\..\packaging\windows\kingdom.ico">
      <Filter>Resource Files</Filter>
    </None>
  </ItemGroup>
  <ItemGroup>
    <ResourceCompile Include="kingdom.rc">
      <Filter>Resource Files</Filter>
    </ResourceCompile>
  </ItemGroup>
</Project>