<?xml version="1.0" encoding="utf-8"?>
<Project ToolsVersion="4.0" xmlns="http://schemas.microsoft.com/developer/msbuild/2003">
  <ItemGroup>
    <Filter Include="Source Files">
      <UniqueIdentifier>{4FC737F1-C7A5-4376-A066-2A32D752A2FF}</UniqueIdentifier>
      <Extensions>cpp;c;cc;cxx;def;odl;idl;hpj;bat;asm;asmx</Extensions>
    </Filter>
    <Filter Include="Header Files">
      <UniqueIdentifier>{93995380-89BD-4b04-88EB-625FBE52EBFB}</UniqueIdentifier>
      <Extensions>h;hpp;hxx;hm;inl;inc;xsd</Extensions>
    </Filter>
    <Filter Include="Resource Files">
      <UniqueIdentifier>{67DA6AB6-F800-4c08-8B7A-83BB121AAD01}</UniqueIdentifier>
      <Extensions>rc;ico;cur;bmp;dlg;rc2;rct;bin;rgs;gif;jpg;jpeg;jpe;resx;tiff;tif;png;wav</Extensions>
    </Filter>
    <Filter Include="server">
      <UniqueIdentifier>{50a284d7-6093-40db-93e6-fc1bf46458ff}</UniqueIdentifier>
    </Filter>
  </ItemGroup>
  <ItemGroup>
    <ClCompile Include="..\..\kingdom\server\ban.cpp">
      <Filter>server</Filter>
    </ClCompile>
    <ClCompile Include="..\..\kingdom\server\forum_user_handler.cpp">
      <Filter>server</Filter>
    </ClCompile>
    <ClCompile Include="..\..\kingdom\server\game.cpp">
      <Filter>server</Filter>
    </ClCompile>
    <ClCompile Include="..\..\kingdom\server\input_stream.cpp">
      <Filter>server</Filter>
    </ClCompile>
    <ClCompile Include="..\..\kingdom\server\metrics.cpp">
      <Filter>server</Filter>
    </ClCompile>
    <ClCompile Include="..\..\kingdom\server\player.cpp">
      <Filter>server</Filter>
    </ClCompile>
    <ClCompile Include="..\..\kingdom\server\player_network.cpp">
      <Filter>server</Filter>
    </ClCompile>
    <ClCompile Include="..\..\kingdom\server\proxy.cpp">
      <Filter>server</Filter>
    </ClCompile>
    <ClCompile Include="..\..\kingdom\server\room.cpp">
      <Filter>server</Filter>
    </ClCompile>
    <ClCompile Include="..\..\kingdom\server\room_manager.cpp">
      <Filter>server</Filter>
    </ClCompile>
    <ClCompile Include="..\..\kingdom\server\sample_user_handler.cpp">
      <Filter>server</Filter>
    </ClCompile>
    <ClCompile Include="..\..\kingdom\server\server.cpp">
      <Filter>server</Filter>
    </ClCompile>
    <ClCompile Include="..\..\kingdom\server\simple_wml.cpp">
      <Filter>server</Filter>
    </ClCompile>
    <ClCompile Include="..\..\kingdom\server\user_handler.cpp">
      <Filter>server</Filter>
    </ClCompile>
  </ItemGroup>
  <ItemGroup>
    <ClInclude Include="..\..\kingdom\server\ban.hpp">
      <Filter>server</Filter>
    </ClInclude>
    <ClInclude Include="..\..\kingdom\server\forum_user_handler.hpp">
      <Filter>server</Filter>
    </ClInclude>
    <ClInclude Include="..\..\kingdom\server\game.hpp">
      <Filter>server</Filter>
    </ClInclude>
    <ClInclude Include="..\..\kingdom\server\input_stream.hpp">
      <Filter>server</Filter>
    </ClInclude>
    <ClInclude Include="..\..\kingdom\server\metrics.hpp">
      <Filter>server</Filter>
    </ClInclude>
    <ClInclude Include="..\..\kingdom\server\player.hpp">
      <Filter>server</Filter>
    </ClInclude>
    <ClInclude Include="..\..\kingdom\server\player_network.hpp">
      <Filter>server</Filter>
    </ClInclude>
    <ClInclude Include="..\..\kingdom\server\proxy.hpp">
      <Filter>server</Filter>
    </ClInclude>
    <ClInclude Include="..\..\kingdom\server\room.hpp">
      <Filter>server</Filter>
    </ClInclude>
    <ClInclude Include="..\..\kingdom\server\room_manager.hpp">
      <Filter>server</Filter>
    </ClInclude>
    <ClInclude Include="..\..\kingdom\server\sample_user_handler.hpp">
      <Filter>server</Filter>
    </ClInclude>
    <ClInclude Include="..\..\kingdom\server\server.hpp">
      <Filter>server</Filter>
    </ClInclude>
    <ClInclude Include="..\..\kingdom\server\simple_wml.hpp">
      <Filter>server</Filter>
    </ClInclude>
    <ClInclude Include="..\..\kingdom\server\user_handler.hpp">
      <Filter>server</Filter>
    </ClInclude>
  </ItemGroup>
</Project>